# THIS IS AN AUTOGENERATED FILE. DO NOT EDIT THIS FILE DIRECTLY.
# yarn lockfile v1


accepts@~1.3.4:
  version "1.3.4"
  resolved "https://registry.yarnpkg.com/accepts/-/accepts-1.3.4.tgz#86246758c7dd6d21a6474ff084a4740ec05eb21f"
  dependencies:
    mime-types "~2.1.16"
    negotiator "0.6.1"

ajv@^5.1.1:
  version "5.5.2"
  resolved "https://registry.yarnpkg.com/ajv/-/ajv-5.5.2.tgz#73b5eeca3fab653e3d3f9422b341ad42205dc965"
  dependencies:
    co "^4.6.0"
    fast-deep-equal "^1.0.0"
    fast-json-stable-stringify "^2.0.0"
    json-schema-traverse "^0.3.0"

ansi-regex@^2.0.0:
  version "2.1.1"
  resolved "https://registry.yarnpkg.com/ansi-regex/-/ansi-regex-2.1.1.tgz#c3b33ab5ee360d86e0e628f0468ae7ef27d654df"

array-flatten@1.1.1:
  version "1.1.1"
  resolved "https://registry.yarnpkg.com/array-flatten/-/array-flatten-1.1.1.tgz#9a5f699051b1e7073328f2a008968b64ea2955d2"

balanced-match@^1.0.0:
  version "1.0.0"
  resolved "https://registry.yarnpkg.com/balanced-match/-/balanced-match-1.0.0.tgz#89b4d199ab2bee49de164ea02b89ce462d71b767"

"bignumber.js@git+https://github.com/frozeman/bignumber.js-nolookahead.git":
  version "2.0.7"
  resolved "git+https://github.com/frozeman/bignumber.js-nolookahead.git#57692b3ecfc98bbdd6b3a516cb2353652ea49934"

bn.js@4.11.6:
  version "4.11.6"
  resolved "https://registry.yarnpkg.com/bn.js/-/bn.js-4.11.6.tgz#53344adb14617a13f6e8dd2ce28905d1c0ba3215"

body-parser@1.18.2:
  version "1.18.2"
  resolved "https://registry.yarnpkg.com/body-parser/-/body-parser-1.18.2.tgz#87678a19d84b47d859b83199bd59bce222b10454"
  dependencies:
    bytes "3.0.0"
    content-type "~1.0.4"
    debug "2.6.9"
    depd "~1.1.1"
    http-errors "~1.6.2"
    iconv-lite "0.4.19"
    on-finished "~2.3.0"
    qs "6.5.1"
    raw-body "2.3.2"
    type-is "~1.6.15"

brace-expansion@^1.1.7:
  version "1.1.11"
  resolved "https://registry.yarnpkg.com/brace-expansion/-/brace-expansion-1.1.11.tgz#3c7fcbf529d87226f3d2f52b966ff5271eb441dd"
  dependencies:
    balanced-match "^1.0.0"
    concat-map "0.0.1"

browser-stdout@1.3.0:
  version "1.3.0"
  resolved "https://registry.yarnpkg.com/browser-stdout/-/browser-stdout-1.3.0.tgz#f351d32969d32fa5d7a5567154263d928ae3bd1f"

builtin-modules@^1.0.0:
  version "1.1.1"
  resolved "https://registry.yarnpkg.com/builtin-modules/-/builtin-modules-1.1.1.tgz#270f076c5a72c02f5b65a47df94c5fe3a278892f"

bytes@3.0.0:
  version "3.0.0"
  resolved "https://registry.yarnpkg.com/bytes/-/bytes-3.0.0.tgz#d32815404d689699f85a4ea4fa8755dd13a96048"

camelcase@^3.0.0:
  version "3.0.0"
  resolved "https://registry.yarnpkg.com/camelcase/-/camelcase-3.0.0.tgz#32fc4b9fcdaf845fcdf7e73bb97cac2261f0ab0a"

"chainlink@github:smartcontractkit/chainlink":
  version "0.0.0"
  resolved "https://codeload.github.com/smartcontractkit/chainlink/tar.gz/42e8a59a5fe96d2a3603203f7afa55f674c8b54d"

cliui@^3.2.0:
  version "3.2.0"
  resolved "https://registry.yarnpkg.com/cliui/-/cliui-3.2.0.tgz#120601537a916d29940f934da3b48d585a39213d"
  dependencies:
    string-width "^1.0.1"
    strip-ansi "^3.0.1"
    wrap-ansi "^2.0.0"

co@^4.6.0:
  version "4.6.0"
  resolved "https://registry.yarnpkg.com/co/-/co-4.6.0.tgz#6ea6bdf3d853ae54ccb8e47bfa0bf3f9031fb184"

code-point-at@^1.0.0:
  version "1.1.0"
  resolved "https://registry.yarnpkg.com/code-point-at/-/code-point-at-1.1.0.tgz#0d070b4d043a5bea33a2f1a40e2edb3d9a4ccf77"

commander@2.9.0:
  version "2.9.0"
  resolved "https://registry.yarnpkg.com/commander/-/commander-2.9.0.tgz#9c99094176e12240cb22d6c5146098400fe0f7d4"
  dependencies:
    graceful-readlink ">= 1.0.0"

concat-map@0.0.1:
  version "0.0.1"
  resolved "https://registry.yarnpkg.com/concat-map/-/concat-map-0.0.1.tgz#d8a96bd77fd68df7793a73036a3ba0d5405d477b"

content-disposition@0.5.2:
  version "0.5.2"
  resolved "https://registry.yarnpkg.com/content-disposition/-/content-disposition-0.5.2.tgz#0cf68bb9ddf5f2be7961c3a85178cb85dba78cb4"

content-type@~1.0.4:
  version "1.0.4"
  resolved "https://registry.yarnpkg.com/content-type/-/content-type-1.0.4.tgz#e138cc75e040c727b1966fe5e5f8c9aee256fe3b"

cookie-signature@1.0.6:
  version "1.0.6"
  resolved "https://registry.yarnpkg.com/cookie-signature/-/cookie-signature-1.0.6.tgz#e303a882b342cc3ee8ca513a79999734dab3ae2c"

cookie@0.3.1:
  version "0.3.1"
  resolved "https://registry.yarnpkg.com/cookie/-/cookie-0.3.1.tgz#e7e0a1f9ef43b4c8ba925c5c5a96e806d16873bb"

crypto-js@^3.1.4:
  version "3.1.8"
  resolved "https://registry.yarnpkg.com/crypto-js/-/crypto-js-3.1.8.tgz#715f070bf6014f2ae992a98b3929258b713f08d5"

crypto-js@^3.1.9-1:
  version "3.1.9-1"
  resolved "https://registry.yarnpkg.com/crypto-js/-/crypto-js-3.1.9-1.tgz#fda19e761fc077e01ffbfdc6e9fdfc59e8806cd8"

debug@2.6.8:
  version "2.6.8"
  resolved "https://registry.yarnpkg.com/debug/-/debug-2.6.8.tgz#e731531ca2ede27d188222427da17821d68ff4fc"
  dependencies:
    ms "2.0.0"

debug@2.6.9:
  version "2.6.9"
  resolved "https://registry.yarnpkg.com/debug/-/debug-2.6.9.tgz#5d128515df134ff327e90a4c93f4e077a536341f"
  dependencies:
    ms "2.0.0"

decamelize@^1.1.1:
  version "1.2.0"
  resolved "https://registry.yarnpkg.com/decamelize/-/decamelize-1.2.0.tgz#f6534d15148269b20352e7bee26f501f9a191290"

depd@1.1.1:
  version "1.1.1"
  resolved "https://registry.yarnpkg.com/depd/-/depd-1.1.1.tgz#5783b4e1c459f06fa5ca27f991f3d06e7a310359"

depd@~1.1.1:
  version "1.1.2"
  resolved "https://registry.yarnpkg.com/depd/-/depd-1.1.2.tgz#9bcd52e14c097763e749b274c4346ed2e560b5a9"

destroy@~1.0.4:
  version "1.0.4"
  resolved "https://registry.yarnpkg.com/destroy/-/destroy-1.0.4.tgz#978857442c44749e4206613e37946205826abd80"

diff@3.2.0:
  version "3.2.0"
  resolved "https://registry.yarnpkg.com/diff/-/diff-3.2.0.tgz#c9ce393a4b7cbd0b058a725c93df299027868ff9"

dotenv@^4.0.0:
  version "4.0.0"
  resolved "https://registry.yarnpkg.com/dotenv/-/dotenv-4.0.0.tgz#864ef1379aced55ce6f95debecdce179f7a0cd1d"

ee-first@1.1.1:
  version "1.1.1"
  resolved "https://registry.yarnpkg.com/ee-first/-/ee-first-1.1.1.tgz#590c61156b0ae2f4f0255732a158b266bc56b21d"

encodeurl@~1.0.1:
  version "1.0.2"
  resolved "https://registry.yarnpkg.com/encodeurl/-/encodeurl-1.0.2.tgz#ad3ff4c86ec2d029322f5a02c3a9a606c95b3f59"

error-ex@^1.2.0:
  version "1.3.1"
  resolved "https://registry.yarnpkg.com/error-ex/-/error-ex-1.3.1.tgz#f855a86ce61adc4e8621c3cda21e7a7612c3a8dc"
  dependencies:
    is-arrayish "^0.2.1"

escape-html@~1.0.3:
  version "1.0.3"
  resolved "https://registry.yarnpkg.com/escape-html/-/escape-html-1.0.3.tgz#0258eae4d3d0c0974de1c169188ef0051d1d1988"

escape-string-regexp@1.0.5:
  version "1.0.5"
  resolved "https://registry.yarnpkg.com/escape-string-regexp/-/escape-string-regexp-1.0.5.tgz#1b61c0562190a8dff6ae3bb2cf0200ca130b86d4"

etag@~1.8.1:
  version "1.8.1"
  resolved "https://registry.yarnpkg.com/etag/-/etag-1.8.1.tgz#41ae2eeb65efa62268aebfea83ac7d79299b0887"

ethjs-abi@0.1.8:
  version "0.1.8"
  resolved "https://registry.yarnpkg.com/ethjs-abi/-/ethjs-abi-0.1.8.tgz#cd288583ed628cdfadaf8adefa3ba1dbcbca6c18"
  dependencies:
    bn.js "4.11.6"
    js-sha3 "0.5.5"
    number-to-bn "1.7.0"

ethjs-abi@^0.2.1:
  version "0.2.1"
  resolved "https://registry.yarnpkg.com/ethjs-abi/-/ethjs-abi-0.2.1.tgz#e0a7a93a7e81163a94477bad56ede524ab6de533"
  dependencies:
    bn.js "4.11.6"
    js-sha3 "0.5.5"
    number-to-bn "1.7.0"

express@^4.16.2:
  version "4.16.2"
  resolved "https://registry.yarnpkg.com/express/-/express-4.16.2.tgz#e35c6dfe2d64b7dca0a5cd4f21781be3299e076c"
  dependencies:
    accepts "~1.3.4"
    array-flatten "1.1.1"
    body-parser "1.18.2"
    content-disposition "0.5.2"
    content-type "~1.0.4"
    cookie "0.3.1"
    cookie-signature "1.0.6"
    debug "2.6.9"
    depd "~1.1.1"
    encodeurl "~1.0.1"
    escape-html "~1.0.3"
    etag "~1.8.1"
    finalhandler "1.1.0"
    fresh "0.5.2"
    merge-descriptors "1.0.1"
    methods "~1.1.2"
    on-finished "~2.3.0"
    parseurl "~1.3.2"
    path-to-regexp "0.1.7"
    proxy-addr "~2.0.2"
    qs "6.5.1"
    range-parser "~1.2.0"
    safe-buffer "5.1.1"
    send "0.16.1"
    serve-static "1.13.1"
    setprototypeof "1.1.0"
    statuses "~1.3.1"
    type-is "~1.6.15"
    utils-merge "1.0.1"
    vary "~1.1.2"

fast-deep-equal@^1.0.0:
  version "1.0.0"
  resolved "https://registry.yarnpkg.com/fast-deep-equal/-/fast-deep-equal-1.0.0.tgz#96256a3bc975595eb36d82e9929d060d893439ff"

fast-json-stable-stringify@^2.0.0:
  version "2.0.0"
  resolved "https://registry.yarnpkg.com/fast-json-stable-stringify/-/fast-json-stable-stringify-2.0.0.tgz#d5142c0caee6b1189f87d3a76111064f86c8bbf2"

finalhandler@1.1.0:
  version "1.1.0"
  resolved "https://registry.yarnpkg.com/finalhandler/-/finalhandler-1.1.0.tgz#ce0b6855b45853e791b2fcc680046d88253dd7f5"
  dependencies:
    debug "2.6.9"
    encodeurl "~1.0.1"
    escape-html "~1.0.3"
    on-finished "~2.3.0"
    parseurl "~1.3.2"
    statuses "~1.3.1"
    unpipe "~1.0.0"

find-up@^1.0.0:
  version "1.1.2"
  resolved "https://registry.yarnpkg.com/find-up/-/find-up-1.1.2.tgz#6b2e9822b1a2ce0a60ab64d610eccad53cb24d0f"
  dependencies:
    path-exists "^2.0.0"
    pinkie-promise "^2.0.0"

forwarded@~0.1.2:
  version "0.1.2"
  resolved "https://registry.yarnpkg.com/forwarded/-/forwarded-0.1.2.tgz#98c23dab1175657b8c0573e8ceccd91b0ff18c84"

fresh@0.5.2:
  version "0.5.2"
  resolved "https://registry.yarnpkg.com/fresh/-/fresh-0.5.2.tgz#3d8cadd90d976569fa835ab1f8e4b23a105605a7"

fs-extra@^0.30.0:
  version "0.30.0"
  resolved "https://registry.yarnpkg.com/fs-extra/-/fs-extra-0.30.0.tgz#f233ffcc08d4da7d432daa449776989db1df93f0"
  dependencies:
    graceful-fs "^4.1.2"
    jsonfile "^2.1.0"
    klaw "^1.0.0"
    path-is-absolute "^1.0.0"
    rimraf "^2.2.8"

fs.realpath@^1.0.0:
  version "1.0.0"
  resolved "https://registry.yarnpkg.com/fs.realpath/-/fs.realpath-1.0.0.tgz#1504ad2523158caa40db4a2787cb01411994ea4f"

get-caller-file@^1.0.1:
  version "1.0.2"
  resolved "https://registry.yarnpkg.com/get-caller-file/-/get-caller-file-1.0.2.tgz#f702e63127e7e231c160a80c1554acb70d5047e5"

glob@7.1.1:
  version "7.1.1"
  resolved "https://registry.yarnpkg.com/glob/-/glob-7.1.1.tgz#805211df04faaf1c63a3600306cdf5ade50b2ec8"
  dependencies:
    fs.realpath "^1.0.0"
    inflight "^1.0.4"
    inherits "2"
    minimatch "^3.0.2"
    once "^1.3.0"
    path-is-absolute "^1.0.0"

glob@^7.0.5:
  version "7.1.2"
  resolved "https://registry.yarnpkg.com/glob/-/glob-7.1.2.tgz#c19c9df9a028702d678612384a6552404c636d15"
  dependencies:
    fs.realpath "^1.0.0"
    inflight "^1.0.4"
    inherits "2"
    minimatch "^3.0.4"
    once "^1.3.0"
    path-is-absolute "^1.0.0"

graceful-fs@^4.1.2, graceful-fs@^4.1.6, graceful-fs@^4.1.9:
  version "4.1.11"
  resolved "https://registry.yarnpkg.com/graceful-fs/-/graceful-fs-4.1.11.tgz#0e8bdfe4d1ddb8854d64e04ea7c00e2a026e5658"

"graceful-readlink@>= 1.0.0":
  version "1.0.1"
  resolved "https://registry.yarnpkg.com/graceful-readlink/-/graceful-readlink-1.0.1.tgz#4cafad76bc62f02fa039b2f94e9a3dd3a391a725"

growl@1.9.2:
  version "1.9.2"
  resolved "https://registry.yarnpkg.com/growl/-/growl-1.9.2.tgz#0ea7743715db8d8de2c5ede1775e1b45ac85c02f"

has-flag@^1.0.0:
  version "1.0.0"
  resolved "https://registry.yarnpkg.com/has-flag/-/has-flag-1.0.0.tgz#9d9e793165ce017a00f00418c43f942a7b1d11fa"

he@1.1.1:
  version "1.1.1"
  resolved "https://registry.yarnpkg.com/he/-/he-1.1.1.tgz#93410fd21b009735151f8868c2f271f3427e23fd"

hosted-git-info@^2.1.4:
  version "2.5.0"
  resolved "https://registry.yarnpkg.com/hosted-git-info/-/hosted-git-info-2.5.0.tgz#6d60e34b3abbc8313062c3b798ef8d901a07af3c"

http-errors@1.6.2, http-errors@~1.6.2:
  version "1.6.2"
  resolved "https://registry.yarnpkg.com/http-errors/-/http-errors-1.6.2.tgz#0a002cc85707192a7e7946ceedc11155f60ec736"
  dependencies:
    depd "1.1.1"
    inherits "2.0.3"
    setprototypeof "1.0.3"
    statuses ">= 1.3.1 < 2"

iconv-lite@0.4.19:
  version "0.4.19"
  resolved "https://registry.yarnpkg.com/iconv-lite/-/iconv-lite-0.4.19.tgz#f7468f60135f5e5dad3399c0a81be9a1603a082b"

inflight@^1.0.4:
  version "1.0.6"
  resolved "https://registry.yarnpkg.com/inflight/-/inflight-1.0.6.tgz#49bd6331d7d02d0c09bc910a1075ba8165b56df9"
  dependencies:
    once "^1.3.0"
    wrappy "1"

inherits@2, inherits@2.0.3:
  version "2.0.3"
  resolved "https://registry.yarnpkg.com/inherits/-/inherits-2.0.3.tgz#633c2c83e3da42a502f52466022480f4208261de"

invert-kv@^1.0.0:
  version "1.0.0"
  resolved "https://registry.yarnpkg.com/invert-kv/-/invert-kv-1.0.0.tgz#104a8e4aaca6d3d8cd157a8ef8bfab2d7a3ffdb6"

ipaddr.js@1.5.2:
  version "1.5.2"
  resolved "https://registry.yarnpkg.com/ipaddr.js/-/ipaddr.js-1.5.2.tgz#d4b505bde9946987ccf0fc58d9010ff9607e3fa0"

is-arrayish@^0.2.1:
  version "0.2.1"
  resolved "https://registry.yarnpkg.com/is-arrayish/-/is-arrayish-0.2.1.tgz#77c99840527aa8ecb1a8ba697b80645a7a926a9d"

is-builtin-module@^1.0.0:
  version "1.0.0"
  resolved "https://registry.yarnpkg.com/is-builtin-module/-/is-builtin-module-1.0.0.tgz#540572d34f7ac3119f8f76c30cbc1b1e037affbe"
  dependencies:
    builtin-modules "^1.0.0"

is-fullwidth-code-point@^1.0.0:
  version "1.0.0"
  resolved "https://registry.yarnpkg.com/is-fullwidth-code-point/-/is-fullwidth-code-point-1.0.0.tgz#ef9e31386f031a7f0d643af82fde50c457ef00cb"
  dependencies:
    number-is-nan "^1.0.0"

is-hex-prefixed@1.0.0:
  version "1.0.0"
  resolved "https://registry.yarnpkg.com/is-hex-prefixed/-/is-hex-prefixed-1.0.0.tgz#7d8d37e6ad77e5d127148913c573e082d777f554"

is-utf8@^0.2.0:
  version "0.2.1"
  resolved "https://registry.yarnpkg.com/is-utf8/-/is-utf8-0.2.1.tgz#4b0da1442104d1b336340e80797e865cf39f7d72"

js-sha3@0.5.5:
  version "0.5.5"
  resolved "https://registry.yarnpkg.com/js-sha3/-/js-sha3-0.5.5.tgz#baf0c0e8c54ad5903447df96ade7a4a1bca79a4a"

json-schema-traverse@^0.3.0:
  version "0.3.1"
  resolved "https://registry.yarnpkg.com/json-schema-traverse/-/json-schema-traverse-0.3.1.tgz#349a6d44c53a51de89b40805c5d5e59b417d3340"

json3@3.3.2:
  version "3.3.2"
  resolved "https://registry.yarnpkg.com/json3/-/json3-3.3.2.tgz#3c0434743df93e2f5c42aee7b19bcb483575f4e1"

jsonfile@^2.1.0:
  version "2.4.0"
  resolved "https://registry.yarnpkg.com/jsonfile/-/jsonfile-2.4.0.tgz#3736a2b428b87bbda0cc83b53fa3d633a35c2ae8"
  optionalDependencies:
    graceful-fs "^4.1.6"

klaw@^1.0.0:
  version "1.3.1"
  resolved "https://registry.yarnpkg.com/klaw/-/klaw-1.3.1.tgz#4088433b46b3b1ba259d78785d8e96f73ba02439"
  optionalDependencies:
    graceful-fs "^4.1.9"

lcid@^1.0.0:
  version "1.0.0"
  resolved "https://registry.yarnpkg.com/lcid/-/lcid-1.0.0.tgz#308accafa0bc483a3867b4b6f2b9506251d1b835"
  dependencies:
    invert-kv "^1.0.0"

load-json-file@^1.0.0:
  version "1.1.0"
  resolved "https://registry.yarnpkg.com/load-json-file/-/load-json-file-1.1.0.tgz#956905708d58b4bab4c2261b04f59f31c99374c0"
  dependencies:
    graceful-fs "^4.1.2"
    parse-json "^2.2.0"
    pify "^2.0.0"
    pinkie-promise "^2.0.0"
    strip-bom "^2.0.0"

lodash._baseassign@^3.0.0:
  version "3.2.0"
  resolved "https://registry.yarnpkg.com/lodash._baseassign/-/lodash._baseassign-3.2.0.tgz#8c38a099500f215ad09e59f1722fd0c52bfe0a4e"
  dependencies:
    lodash._basecopy "^3.0.0"
    lodash.keys "^3.0.0"

lodash._basecopy@^3.0.0:
  version "3.0.1"
  resolved "https://registry.yarnpkg.com/lodash._basecopy/-/lodash._basecopy-3.0.1.tgz#8da0e6a876cf344c0ad8a54882111dd3c5c7ca36"

lodash._basecreate@^3.0.0:
  version "3.0.3"
  resolved "https://registry.yarnpkg.com/lodash._basecreate/-/lodash._basecreate-3.0.3.tgz#1bc661614daa7fc311b7d03bf16806a0213cf821"

lodash._getnative@^3.0.0:
  version "3.9.1"
  resolved "https://registry.yarnpkg.com/lodash._getnative/-/lodash._getnative-3.9.1.tgz#570bc7dede46d61cdcde687d65d3eecbaa3aaff5"

lodash._isiterateecall@^3.0.0:
  version "3.0.9"
  resolved "https://registry.yarnpkg.com/lodash._isiterateecall/-/lodash._isiterateecall-3.0.9.tgz#5203ad7ba425fae842460e696db9cf3e6aac057c"

lodash.assign@^4.0.3, lodash.assign@^4.0.6:
  version "4.2.0"
  resolved "https://registry.yarnpkg.com/lodash.assign/-/lodash.assign-4.2.0.tgz#0d99f3ccd7a6d261d19bdaeb9245005d285808e7"

lodash.create@3.1.1:
  version "3.1.1"
  resolved "https://registry.yarnpkg.com/lodash.create/-/lodash.create-3.1.1.tgz#d7f2849f0dbda7e04682bb8cd72ab022461debe7"
  dependencies:
    lodash._baseassign "^3.0.0"
    lodash._basecreate "^3.0.0"
    lodash._isiterateecall "^3.0.0"

lodash.isarguments@^3.0.0:
  version "3.1.0"
  resolved "https://registry.yarnpkg.com/lodash.isarguments/-/lodash.isarguments-3.1.0.tgz#2f573d85c6a24289ff00663b491c1d338ff3458a"

lodash.isarray@^3.0.0:
  version "3.0.4"
  resolved "https://registry.yarnpkg.com/lodash.isarray/-/lodash.isarray-3.0.4.tgz#79e4eb88c36a8122af86f844aa9bcd851b5fbb55"

lodash.keys@^3.0.0:
  version "3.1.2"
  resolved "https://registry.yarnpkg.com/lodash.keys/-/lodash.keys-3.1.2.tgz#4dbc0472b156be50a0b286855d1bd0b0c656098a"
  dependencies:
    lodash._getnative "^3.0.0"
    lodash.isarguments "^3.0.0"
    lodash.isarray "^3.0.0"

media-typer@0.3.0:
  version "0.3.0"
  resolved "https://registry.yarnpkg.com/media-typer/-/media-typer-0.3.0.tgz#8710d7af0aa626f8fffa1ce00168545263255748"

memorystream@^0.3.1:
  version "0.3.1"
  resolved "https://registry.yarnpkg.com/memorystream/-/memorystream-0.3.1.tgz#86d7090b30ce455d63fbae12dda51a47ddcaf9b2"

merge-descriptors@1.0.1:
  version "1.0.1"
  resolved "https://registry.yarnpkg.com/merge-descriptors/-/merge-descriptors-1.0.1.tgz#b00aaa556dd8b44568150ec9d1b953f3f90cbb61"

methods@~1.1.2:
  version "1.1.2"
  resolved "https://registry.yarnpkg.com/methods/-/methods-1.1.2.tgz#5529a4d67654134edcc5266656835b0f851afcee"

mime-db@~1.30.0:
  version "1.30.0"
  resolved "https://registry.yarnpkg.com/mime-db/-/mime-db-1.30.0.tgz#74c643da2dd9d6a45399963465b26d5ca7d71f01"

mime-types@~2.1.15, mime-types@~2.1.16:
  version "2.1.17"
  resolved "https://registry.yarnpkg.com/mime-types/-/mime-types-2.1.17.tgz#09d7a393f03e995a79f8af857b70a9e0ab16557a"
  dependencies:
    mime-db "~1.30.0"

mime@1.4.1:
  version "1.4.1"
  resolved "https://registry.yarnpkg.com/mime/-/mime-1.4.1.tgz#121f9ebc49e3766f311a76e1fa1c8003c4b03aa6"

minimatch@^3.0.2, minimatch@^3.0.4:
  version "3.0.4"
  resolved "https://registry.yarnpkg.com/minimatch/-/minimatch-3.0.4.tgz#5166e286457f03306064be5497e8dbb0c3d32083"
  dependencies:
    brace-expansion "^1.1.7"

minimist@0.0.8:
  version "0.0.8"
  resolved "https://registry.yarnpkg.com/minimist/-/minimist-0.0.8.tgz#857fcabfc3397d2625b8228262e86aa7a011b05d"

mkdirp@0.5.1:
  version "0.5.1"
  resolved "https://registry.yarnpkg.com/mkdirp/-/mkdirp-0.5.1.tgz#30057438eac6cf7f8c4767f38648d6697d75c903"
  dependencies:
    minimist "0.0.8"

mocha@^3.4.2:
  version "3.5.3"
  resolved "https://registry.yarnpkg.com/mocha/-/mocha-3.5.3.tgz#1e0480fe36d2da5858d1eb6acc38418b26eaa20d"
  dependencies:
    browser-stdout "1.3.0"
    commander "2.9.0"
    debug "2.6.8"
    diff "3.2.0"
    escape-string-regexp "1.0.5"
    glob "7.1.1"
    growl "1.9.2"
    he "1.1.1"
    json3 "3.3.2"
    lodash.create "3.1.1"
    mkdirp "0.5.1"
    supports-color "3.1.2"

ms@2.0.0:
  version "2.0.0"
  resolved "https://registry.yarnpkg.com/ms/-/ms-2.0.0.tgz#5608aeadfc00be6c2901df5f9861788de0d597c8"

negotiator@0.6.1:
  version "0.6.1"
  resolved "https://registry.yarnpkg.com/negotiator/-/negotiator-0.6.1.tgz#2b327184e8992101177b28563fb5e7102acd0ca9"

normalize-package-data@^2.3.2:
  version "2.4.0"
  resolved "https://registry.yarnpkg.com/normalize-package-data/-/normalize-package-data-2.4.0.tgz#12f95a307d58352075a04907b84ac8be98ac012f"
  dependencies:
    hosted-git-info "^2.1.4"
    is-builtin-module "^1.0.0"
    semver "2 || 3 || 4 || 5"
    validate-npm-package-license "^3.0.1"

number-is-nan@^1.0.0:
  version "1.0.1"
  resolved "https://registry.yarnpkg.com/number-is-nan/-/number-is-nan-1.0.1.tgz#097b602b53422a522c1afb8790318336941a011d"

number-to-bn@1.7.0:
  version "1.7.0"
  resolved "https://registry.yarnpkg.com/number-to-bn/-/number-to-bn-1.7.0.tgz#bb3623592f7e5f9e0030b1977bd41a0c53fe1ea0"
  dependencies:
    bn.js "4.11.6"
    strip-hex-prefix "1.0.0"

on-finished@~2.3.0:
  version "2.3.0"
  resolved "https://registry.yarnpkg.com/on-finished/-/on-finished-2.3.0.tgz#20f1336481b083cd75337992a16971aa2d906947"
  dependencies:
    ee-first "1.1.1"

once@^1.3.0:
  version "1.4.0"
  resolved "https://registry.yarnpkg.com/once/-/once-1.4.0.tgz#583b1aa775961d4b113ac17d9c50baef9dd76bd1"
  dependencies:
    wrappy "1"

original-require@^1.0.1:
  version "1.0.1"
  resolved "https://registry.yarnpkg.com/original-require/-/original-require-1.0.1.tgz#0f130471584cd33511c5ec38c8d59213f9ac5e20"

os-locale@^1.4.0:
  version "1.4.0"
  resolved "https://registry.yarnpkg.com/os-locale/-/os-locale-1.4.0.tgz#20f9f17ae29ed345e8bde583b13d2009803c14d9"
  dependencies:
    lcid "^1.0.0"

parse-json@^2.2.0:
  version "2.2.0"
  resolved "https://registry.yarnpkg.com/parse-json/-/parse-json-2.2.0.tgz#f480f40434ef80741f8469099f8dea18f55a4dc9"
  dependencies:
    error-ex "^1.2.0"

parseurl@~1.3.2:
  version "1.3.2"
  resolved "https://registry.yarnpkg.com/parseurl/-/parseurl-1.3.2.tgz#fc289d4ed8993119460c156253262cdc8de65bf3"

path-exists@^2.0.0:
  version "2.1.0"
  resolved "https://registry.yarnpkg.com/path-exists/-/path-exists-2.1.0.tgz#0feb6c64f0fc518d9a754dd5efb62c7022761f4b"
  dependencies:
    pinkie-promise "^2.0.0"

path-is-absolute@^1.0.0:
  version "1.0.1"
  resolved "https://registry.yarnpkg.com/path-is-absolute/-/path-is-absolute-1.0.1.tgz#174b9268735534ffbc7ace6bf53a5a9e1b5c5f5f"

path-to-regexp@0.1.7:
  version "0.1.7"
  resolved "https://registry.yarnpkg.com/path-to-regexp/-/path-to-regexp-0.1.7.tgz#df604178005f522f15eb4490e7247a1bfaa67f8c"

path-type@^1.0.0:
  version "1.1.0"
  resolved "https://registry.yarnpkg.com/path-type/-/path-type-1.1.0.tgz#59c44f7ee491da704da415da5a4070ba4f8fe441"
  dependencies:
    graceful-fs "^4.1.2"
    pify "^2.0.0"
    pinkie-promise "^2.0.0"

pify@^2.0.0:
  version "2.3.0"
  resolved "https://registry.yarnpkg.com/pify/-/pify-2.3.0.tgz#ed141a6ac043a849ea588498e7dca8b15330e90c"

pinkie-promise@^2.0.0:
  version "2.0.1"
  resolved "https://registry.yarnpkg.com/pinkie-promise/-/pinkie-promise-2.0.1.tgz#2135d6dfa7a358c069ac9b178776288228450ffa"
  dependencies:
    pinkie "^2.0.0"

pinkie@^2.0.0:
  version "2.0.4"
  resolved "https://registry.yarnpkg.com/pinkie/-/pinkie-2.0.4.tgz#72556b80cfa0d48a974e80e77248e80ed4f7f870"

proxy-addr@~2.0.2:
  version "2.0.2"
  resolved "https://registry.yarnpkg.com/proxy-addr/-/proxy-addr-2.0.2.tgz#6571504f47bb988ec8180253f85dd7e14952bdec"
  dependencies:
    forwarded "~0.1.2"
    ipaddr.js "1.5.2"

qs@6.5.1:
  version "6.5.1"
  resolved "https://registry.yarnpkg.com/qs/-/qs-6.5.1.tgz#349cdf6eef89ec45c12d7d5eb3fc0c870343a6d8"

range-parser@~1.2.0:
  version "1.2.0"
  resolved "https://registry.yarnpkg.com/range-parser/-/range-parser-1.2.0.tgz#f49be6b487894ddc40dcc94a322f611092e00d5e"

raw-body@2.3.2:
  version "2.3.2"
  resolved "https://registry.yarnpkg.com/raw-body/-/raw-body-2.3.2.tgz#bcd60c77d3eb93cde0050295c3f379389bc88f89"
  dependencies:
    bytes "3.0.0"
    http-errors "1.6.2"
    iconv-lite "0.4.19"
    unpipe "1.0.0"

read-pkg-up@^1.0.1:
  version "1.0.1"
  resolved "https://registry.yarnpkg.com/read-pkg-up/-/read-pkg-up-1.0.1.tgz#9d63c13276c065918d57f002a57f40a1b643fb02"
  dependencies:
    find-up "^1.0.0"
    read-pkg "^1.0.0"

read-pkg@^1.0.0:
  version "1.1.0"
  resolved "https://registry.yarnpkg.com/read-pkg/-/read-pkg-1.1.0.tgz#f5ffaa5ecd29cb31c0474bca7d756b6bb29e3f28"
  dependencies:
    load-json-file "^1.0.0"
    normalize-package-data "^2.3.2"
    path-type "^1.0.0"

require-directory@^2.1.1:
  version "2.1.1"
  resolved "https://registry.yarnpkg.com/require-directory/-/require-directory-2.1.1.tgz#8c64ad5fd30dab1c976e2344ffe7f792a6a6df42"

require-from-string@^1.1.0:
  version "1.2.1"
  resolved "https://registry.yarnpkg.com/require-from-string/-/require-from-string-1.2.1.tgz#529c9ccef27380adfec9a2f965b649bbee636418"

require-main-filename@^1.0.1:
  version "1.0.1"
  resolved "https://registry.yarnpkg.com/require-main-filename/-/require-main-filename-1.0.1.tgz#97f717b69d48784f5f526a6c5aa8ffdda055a4d1"

rimraf@^2.2.8:
  version "2.6.2"
  resolved "https://registry.yarnpkg.com/rimraf/-/rimraf-2.6.2.tgz#2ed8150d24a16ea8651e6d6ef0f47c4158ce7a36"
  dependencies:
    glob "^7.0.5"

safe-buffer@5.1.1:
  version "5.1.1"
  resolved "https://registry.yarnpkg.com/safe-buffer/-/safe-buffer-5.1.1.tgz#893312af69b2123def71f57889001671eeb2c853"

"semver@2 || 3 || 4 || 5", semver@^5.3.0:
  version "5.5.0"
  resolved "https://registry.yarnpkg.com/semver/-/semver-5.5.0.tgz#dc4bbc7a6ca9d916dee5d43516f0092b58f7b8ab"

send@0.16.1:
  version "0.16.1"
  resolved "https://registry.yarnpkg.com/send/-/send-0.16.1.tgz#a70e1ca21d1382c11d0d9f6231deb281080d7ab3"
  dependencies:
    debug "2.6.9"
    depd "~1.1.1"
    destroy "~1.0.4"
    encodeurl "~1.0.1"
    escape-html "~1.0.3"
    etag "~1.8.1"
    fresh "0.5.2"
    http-errors "~1.6.2"
    mime "1.4.1"
    ms "2.0.0"
    on-finished "~2.3.0"
    range-parser "~1.2.0"
    statuses "~1.3.1"

serve-static@1.13.1:
  version "1.13.1"
  resolved "https://registry.yarnpkg.com/serve-static/-/serve-static-1.13.1.tgz#4c57d53404a761d8f2e7c1e8a18a47dbf278a719"
  dependencies:
    encodeurl "~1.0.1"
    escape-html "~1.0.3"
    parseurl "~1.3.2"
    send "0.16.1"

set-blocking@^2.0.0:
  version "2.0.0"
  resolved "https://registry.yarnpkg.com/set-blocking/-/set-blocking-2.0.0.tgz#045f9782d011ae9a6803ddd382b24392b3d890f7"

setprototypeof@1.0.3:
  version "1.0.3"
  resolved "https://registry.yarnpkg.com/setprototypeof/-/setprototypeof-1.0.3.tgz#66567e37043eeb4f04d91bd658c0cbefb55b8e04"

setprototypeof@1.1.0:
  version "1.1.0"
  resolved "https://registry.yarnpkg.com/setprototypeof/-/setprototypeof-1.1.0.tgz#d0bd85536887b6fe7c0d818cb962d9d91c54e656"

solc@0.4.19:
  version "0.4.19"
  resolved "https://registry.yarnpkg.com/solc/-/solc-0.4.19.tgz#1af1c4c292a0365a6977d4cbe3fbee7139b4b561"
  dependencies:
    fs-extra "^0.30.0"
    memorystream "^0.3.1"
    require-from-string "^1.1.0"
    semver "^5.3.0"
    yargs "^4.7.1"

"solidity-stringutils@github:Arachnid/solidity-stringutils":
  version "0.0.0"
  resolved "https://codeload.github.com/Arachnid/solidity-stringutils/tar.gz/4c36b494ded3661fdd2210b56fd6acc27d9a8d2a"

spdx-correct@~1.0.0:
  version "1.0.2"
  resolved "https://registry.yarnpkg.com/spdx-correct/-/spdx-correct-1.0.2.tgz#4b3073d933ff51f3912f03ac5519498a4150db40"
  dependencies:
    spdx-license-ids "^1.0.2"

spdx-expression-parse@~1.0.0:
  version "1.0.4"
  resolved "https://registry.yarnpkg.com/spdx-expression-parse/-/spdx-expression-parse-1.0.4.tgz#9bdf2f20e1f40ed447fbe273266191fced51626c"

spdx-license-ids@^1.0.2:
  version "1.2.2"
  resolved "https://registry.yarnpkg.com/spdx-license-ids/-/spdx-license-ids-1.2.2.tgz#c9df7a3424594ade6bd11900d596696dc06bac57"

"statuses@>= 1.3.1 < 2":
  version "1.4.0"
  resolved "https://registry.yarnpkg.com/statuses/-/statuses-1.4.0.tgz#bb73d446da2796106efcc1b601a253d6c46bd087"

statuses@~1.3.1:
  version "1.3.1"
  resolved "https://registry.yarnpkg.com/statuses/-/statuses-1.3.1.tgz#faf51b9eb74aaef3b3acf4ad5f61abf24cb7b93e"

string-width@^1.0.1:
  version "1.0.2"
  resolved "https://registry.yarnpkg.com/string-width/-/string-width-1.0.2.tgz#118bdf5b8cdc51a2a7e70d211e07e2b0b9b107d3"
  dependencies:
    code-point-at "^1.0.0"
    is-fullwidth-code-point "^1.0.0"
    strip-ansi "^3.0.0"

strip-ansi@^3.0.0, strip-ansi@^3.0.1:
  version "3.0.1"
  resolved "https://registry.yarnpkg.com/strip-ansi/-/strip-ansi-3.0.1.tgz#6a385fb8853d952d5ff05d0e8aaf94278dc63dcf"
  dependencies:
    ansi-regex "^2.0.0"

strip-bom@^2.0.0:
  version "2.0.0"
  resolved "https://registry.yarnpkg.com/strip-bom/-/strip-bom-2.0.0.tgz#6219a85616520491f35788bdbf1447a99c7e6b0e"
  dependencies:
    is-utf8 "^0.2.0"

strip-hex-prefix@1.0.0:
  version "1.0.0"
  resolved "https://registry.yarnpkg.com/strip-hex-prefix/-/strip-hex-prefix-1.0.0.tgz#0c5f155fef1151373377de9dbb588da05500e36f"
  dependencies:
    is-hex-prefixed "1.0.0"

supports-color@3.1.2:
  version "3.1.2"
  resolved "https://registry.yarnpkg.com/supports-color/-/supports-color-3.1.2.tgz#72a262894d9d408b956ca05ff37b2ed8a6e2a2d5"
  dependencies:
    has-flag "^1.0.0"

truffle-blockchain-utils@^0.0.3:
  version "0.0.3"
  resolved "https://registry.yarnpkg.com/truffle-blockchain-utils/-/truffle-blockchain-utils-0.0.3.tgz#ae8a111ec124d96504f0e042c6f205c0b3817e29"
  dependencies:
    web3 "^0.20.1"

truffle-contract-schema@^1.0.0:
  version "1.0.1"
  resolved "https://registry.yarnpkg.com/truffle-contract-schema/-/truffle-contract-schema-1.0.1.tgz#08ceaefe71062a8ac9ab881a77a30fda3744176e"
  dependencies:
    ajv "^5.1.1"
    crypto-js "^3.1.9-1"

truffle-contract@^3.0.3:
  version "3.0.3"
  resolved "https://registry.yarnpkg.com/truffle-contract/-/truffle-contract-3.0.3.tgz#b14fb318f9a743db8b061046e24978d91f31dbfb"
  dependencies:
    ethjs-abi "0.1.8"
    truffle-blockchain-utils "^0.0.3"
    truffle-contract-schema "^1.0.0"
    truffle-error "0.0.2"
    web3 "^0.20.1"

truffle-error@0.0.2:
  version "0.0.2"
  resolved "https://registry.yarnpkg.com/truffle-error/-/truffle-error-0.0.2.tgz#01b189b78505566ae1689c239c7ca2dd121cfe4c"

truffle@^4.0.6:
  version "4.0.6"
  resolved "https://registry.yarnpkg.com/truffle/-/truffle-4.0.6.tgz#04a23b4c75336f325804d262317f901dbab4f729"
  dependencies:
    mocha "^3.4.2"
    original-require "^1.0.1"
    solc "0.4.19"

type-is@~1.6.15:
  version "1.6.15"
  resolved "https://registry.yarnpkg.com/type-is/-/type-is-1.6.15.tgz#cab10fb4909e441c82842eafe1ad646c81804410"
  dependencies:
    media-typer "0.3.0"
    mime-types "~2.1.15"

unpipe@1.0.0, unpipe@~1.0.0:
  version "1.0.0"
  resolved "https://registry.yarnpkg.com/unpipe/-/unpipe-1.0.0.tgz#b2bf4ee8514aae6165b4817829d21b2ef49904ec"

utf8@^2.1.1:
  version "2.1.2"
  resolved "https://registry.yarnpkg.com/utf8/-/utf8-2.1.2.tgz#1fa0d9270e9be850d9b05027f63519bf46457d96"

utils-merge@1.0.1:
  version "1.0.1"
  resolved "https://registry.yarnpkg.com/utils-merge/-/utils-merge-1.0.1.tgz#9f95710f50a267947b2ccc124741c1028427e713"

validate-npm-package-license@^3.0.1:
  version "3.0.1"
  resolved "https://registry.yarnpkg.com/validate-npm-package-license/-/validate-npm-package-license-3.0.1.tgz#2804babe712ad3379459acfbe24746ab2c303fbc"
  dependencies:
    spdx-correct "~1.0.0"
    spdx-expression-parse "~1.0.0"

vary@~1.1.2:
  version "1.1.2"
  resolved "https://registry.yarnpkg.com/vary/-/vary-1.1.2.tgz#2299f02c6ded30d4a5961b0b9f74524a18f634fc"

web3@^0.20.1:
  version "0.20.5"
  resolved "https://registry.yarnpkg.com/web3/-/web3-0.20.5.tgz#c5048d35f7bf4e2c4c280ce51fbbbc951290b165"
  dependencies:
    bignumber.js "git+https://github.com/frozeman/bignumber.js-nolookahead.git"
    crypto-js "^3.1.4"
    utf8 "^2.1.1"
    xhr2 "*"
    xmlhttprequest "*"

which-module@^1.0.0:
  version "1.0.0"
  resolved "https://registry.yarnpkg.com/which-module/-/which-module-1.0.0.tgz#bba63ca861948994ff307736089e3b96026c2a4f"

window-size@^0.2.0:
  version "0.2.0"
  resolved "https://registry.yarnpkg.com/window-size/-/window-size-0.2.0.tgz#b4315bb4214a3d7058ebeee892e13fa24d98b075"

wrap-ansi@^2.0.0:
  version "2.1.0"
  resolved "https://registry.yarnpkg.com/wrap-ansi/-/wrap-ansi-2.1.0.tgz#d8fc3d284dd05794fe84973caecdd1cf824fdd85"
  dependencies:
    string-width "^1.0.1"
    strip-ansi "^3.0.1"

wrappy@1:
  version "1.0.2"
  resolved "https://registry.yarnpkg.com/wrappy/-/wrappy-1.0.2.tgz#b5243d8f3ec1aa35f1364605bc0d1036e30ab69f"

xhr2@*:
  version "0.1.4"
  resolved "https://registry.yarnpkg.com/xhr2/-/xhr2-0.1.4.tgz#7f87658847716db5026323812f818cadab387a5f"

xmlhttprequest@*:
  version "1.8.0"
  resolved "https://registry.yarnpkg.com/xmlhttprequest/-/xmlhttprequest-1.8.0.tgz#67fe075c5c24fef39f9d65f5f7b7fe75171968fc"

y18n@^3.2.1:
  version "3.2.1"
  resolved "https://registry.yarnpkg.com/y18n/-/y18n-3.2.1.tgz#6d15fba884c08679c0d77e88e7759e811e07fa41"

yargs-parser@^2.4.1:
  version "2.4.1"
  resolved "https://registry.yarnpkg.com/yargs-parser/-/yargs-parser-2.4.1.tgz#85568de3cf150ff49fa51825f03a8c880ddcc5c4"
  dependencies:
    camelcase "^3.0.0"
    lodash.assign "^4.0.6"

yargs@^4.7.1:
  version "4.8.1"
  resolved "https://registry.yarnpkg.com/yargs/-/yargs-4.8.1.tgz#c0c42924ca4aaa6b0e6da1739dfb216439f9ddc0"
  dependencies:
    cliui "^3.2.0"
    decamelize "^1.1.1"
    get-caller-file "^1.0.1"
    lodash.assign "^4.0.3"
    os-locale "^1.4.0"
    read-pkg-up "^1.0.1"
    require-directory "^2.1.1"
    require-main-filename "^1.0.1"
    set-blocking "^2.0.0"
    string-width "^1.0.1"
    which-module "^1.0.0"
    window-size "^0.2.0"
    y18n "^3.2.1"
    yargs-parser "^2.4.1"

zeppelin-solidity@^1.6.0:
  version "1.6.0"
  resolved "https://registry.yarnpkg.com/zeppelin-solidity/-/zeppelin-solidity-1.6.0.tgz#c1048de286124cdcdb7e2492c2890ddfde04dd84"
  dependencies:
    dotenv "^4.0.0"
    ethjs-abi "^0.2.1"
