github.com/K-Phoen/grabana v0.21.19 h1:tJjRO8nN9JrFjLoQGtOB9P5ILoqENZZGAtt3nK+Ry2Y=
github.com/K-Phoen/grabana v0.21.19/go.mod h1:B7gxVxacQUgHWmgqduf4WPZoKYHO1mvZnRVCoyQiwdw=
github.com/K-Phoen/sdk v0.12.3 h1:ScutEQASc9VEKJCm3OjIMD82BIS9B2XtNg3gEf6Gs+M=
github.com/K-Phoen/sdk v0.12.3/go.mod h1:qmM0wO23CtoDux528MXPpYvS4XkRWkWX6rvX9Za8EVU=
github.com/davecgh/go-spew v1.1.1 h1:vj9j/u1bqnvCEfJOwUhtlOARqs3+rkHYY13jYWTU97c=
github.com/davecgh/go-spew v1.1.1/go.mod h1:J7Y8YcW2NihsgmVo/mv3lAwl/skON4iLHjSsI+c5H38=
github.com/gosimple/slug v1.13.1 h1:bQ+kpX9Qa6tHRaK+fZR0A0M2Kd7Pa5eHPPsb1JpHD+Q=
github.com/gosimple/slug v1.13.1/go.mod h1:UiRaFH+GEilHstLUmcBgWcI42viBN7mAb818JrYOeFQ=
github.com/gosimple/unidecode v1.0.1 h1:hZzFTMMqSswvf0LBJZCZgThIZrpDHFXux9KeGmn6T/o=
github.com/gosimple/unidecode v1.0.1/go.mod h1:CP0Cr1Y1kogOtx0bJblKzsVWrqYaqfNOnHzpgWw4Awc=
github.com/pkg/errors v0.9.1 h1:FEBLx1zS214owpjy7qsBeixbURkuhQAwrK5UwLGTwt4=
github.com/pkg/errors v0.9.1/go.mod h1:bwawxfHBFNV+L2hUp1rHADufV3IMtnDRdf1r5NINEl0=
github.com/pmezard/go-difflib v1.0.0 h1:4DBwDE0NGyQoBHbLQYPwSUPoCMWR5BEzIk/f1lZbAQM=
github.com/pmezard/go-difflib v1.0.0/go.mod h1:iKH77koFhYxTK1pcRnkKkqfTogsbg7gZNVY4sRDYZ/4=
github.com/prometheus/common v0.39.0 h1:oOyhkDq05hPZKItWVBkJ6g6AtGxi+fy7F4JvUV8uhsI=
github.com/prometheus/common v0.39.0/go.mod h1:6XBZ7lYdLCbkAVhwRsWTZn+IN5AB9F/NXd5w0BbEX0Y=
github.com/stretchr/testify v1.8.2 h1:+h33VjcLVPDHtOdpUCuF+7gSuG3yGIftsP1YvFihtJ8=
github.com/stretchr/testify v1.8.2/go.mod h1:w2LPCIKwWwSfY2zedu0+kehJoqGctiVI29o6fzry7u4=
gopkg.in/yaml.v3 v3.0.1 h1:fxVm/GzAzEWqLHuvctI91KS9hhNmmWOoWu0XTYJS7CA=
gopkg.in/yaml.v3 v3.0.1/go.mod h1:K4uyk7z7BCEPqu6E+C64Yfv1cQ7kz7rIZviUmN+EgEM=
