{
  "name": "@chainlink/contracts",
  "version": "0.2.0",
  "lockfileVersion": 1,
  "requires": true,
  "dependencies": {
    "@ethersproject/abi": {
      "version": "5.3.1",
      "resolved": "https://registry.npmjs.org/@ethersproject/abi/-/abi-5.3.1.tgz",
      "integrity": "sha512-F98FWTJG7nWWAQ4DcV6R0cSlrj67MWK3ylahuFbzkumem5cLWg1p7fZ3vIdRoS1c7TEf55Lvyx0w7ICR47IImw==",
      "dev": true,
      "requires": {
        "@ethersproject/address": "^5.3.0",
        "@ethersproject/bignumber": "^5.3.0",
        "@ethersproject/bytes": "^5.3.0",
        "@ethersproject/constants": "^5.3.0",
        "@ethersproject/hash": "^5.3.0",
        "@ethersproject/keccak256": "^5.3.0",
        "@ethersproject/logger": "^5.3.0",
        "@ethersproject/properties": "^5.3.0",
        "@ethersproject/strings": "^5.3.0"
      }
    },
    "@ethersproject/abstract-provider": {
      "version": "5.3.0",
      "resolved": "https://registry.npmjs.org/@ethersproject/abstract-provider/-/abstract-provider-5.3.0.tgz",
      "integrity": "sha512-1+MLhGP1GwxBDBNwMWVmhCsvKwh4gK7oIfOrmlmePNeskg1NhIrYssraJBieaFNHUYfKEd/1DjiVZMw8Qu5Cxw==",
      "dev": true,
      "requires": {
        "@ethersproject/bignumber": "^5.3.0",
        "@ethersproject/bytes": "^5.3.0",
        "@ethersproject/logger": "^5.3.0",
        "@ethersproject/networks": "^5.3.0",
        "@ethersproject/properties": "^5.3.0",
        "@ethersproject/transactions": "^5.3.0",
        "@ethersproject/web": "^5.3.0"
      }
    },
    "@ethersproject/abstract-signer": {
      "version": "5.3.0",
      "resolved": "https://registry.npmjs.org/@ethersproject/abstract-signer/-/abstract-signer-5.3.0.tgz",
      "integrity": "sha512-w8IFwOYqiPrtvosPuArZ3+QPR2nmdVTRrVY8uJYL3NNfMmQfTy3V3l2wbzX47UUlNbPJY+gKvzJAyvK1onZxJg==",
      "dev": true,
      "requires": {
        "@ethersproject/abstract-provider": "^5.3.0",
        "@ethersproject/bignumber": "^5.3.0",
        "@ethersproject/bytes": "^5.3.0",
        "@ethersproject/logger": "^5.3.0",
        "@ethersproject/properties": "^5.3.0"
      }
    },
    "@ethersproject/address": {
      "version": "5.3.0",
      "resolved": "https://registry.npmjs.org/@ethersproject/address/-/address-5.3.0.tgz",
      "integrity": "sha512-29TgjzEBK+gUEUAOfWCG7s9IxLNLCqvr+oDSk6L9TXD0VLvZJKhJV479tKQqheVA81OeGxfpdxYtUVH8hqlCvA==",
      "dev": true,
      "requires": {
        "@ethersproject/bignumber": "^5.3.0",
        "@ethersproject/bytes": "^5.3.0",
        "@ethersproject/keccak256": "^5.3.0",
        "@ethersproject/logger": "^5.3.0",
        "@ethersproject/rlp": "^5.3.0"
      }
    },
    "@ethersproject/base64": {
      "version": "5.3.0",
      "resolved": "https://registry.npmjs.org/@ethersproject/base64/-/base64-5.3.0.tgz",
      "integrity": "sha512-JIqgtOmgKcbc2sjGWTXyXktqUhvFUDte8fPVsAaOrcPiJf6YotNF+nsrOYGC9pbHBEGSuSBp3QR0varkO8JHEw==",
      "dev": true,
      "requires": {
        "@ethersproject/bytes": "^5.3.0"
      }
    },
    "@ethersproject/basex": {
      "version": "5.4.0",
      "resolved": "https://registry.npmjs.org/@ethersproject/basex/-/basex-5.4.0.tgz",
      "integrity": "sha512-J07+QCVJ7np2bcpxydFVf/CuYo9mZ7T73Pe7KQY4c1lRlrixMeblauMxHXD0MPwFmUHZIILDNViVkykFBZylbg==",
      "dev": true,
      "requires": {
        "@ethersproject/bytes": "^5.4.0",
        "@ethersproject/properties": "^5.4.0"
      },
      "dependencies": {
        "@ethersproject/bytes": {
          "version": "5.4.0",
          "resolved": "https://registry.npmjs.org/@ethersproject/bytes/-/bytes-5.4.0.tgz",
          "integrity": "sha512-H60ceqgTHbhzOj4uRc/83SCN9d+BSUnOkrr2intevqdtEMO1JFVZ1XL84OEZV+QjV36OaZYxtnt4lGmxcGsPfA==",
          "dev": true,
          "requires": {
            "@ethersproject/logger": "^5.4.0"
          }
        },
        "@ethersproject/logger": {
          "version": "5.4.0",
          "resolved": "https://registry.npmjs.org/@ethersproject/logger/-/logger-5.4.0.tgz",
          "integrity": "sha512-xYdWGGQ9P2cxBayt64d8LC8aPFJk6yWCawQi/4eJ4+oJdMMjEBMrIcIMZ9AxhwpPVmnBPrsB10PcXGmGAqgUEQ==",
          "dev": true
        },
        "@ethersproject/properties": {
          "version": "5.4.0",
          "resolved": "https://registry.npmjs.org/@ethersproject/properties/-/properties-5.4.0.tgz",
          "integrity": "sha512-7jczalGVRAJ+XSRvNA6D5sAwT4gavLq3OXPuV/74o3Rd2wuzSL035IMpIMgei4CYyBdialJMrTqkOnzccLHn4A==",
          "dev": true,
          "requires": {
            "@ethersproject/logger": "^5.4.0"
          }
        }
      }
    },
    "@ethersproject/bignumber": {
      "version": "5.3.0",
      "resolved": "https://registry.npmjs.org/@ethersproject/bignumber/-/bignumber-5.3.0.tgz",
      "integrity": "sha512-5xguJ+Q1/zRMgHgDCaqAexx/8DwDVLRemw2i6uR8KyGjwGdXI8f32QZZ1cKGucBN6ekJvpUpHy6XAuQnTv0mPA==",
      "dev": true,
      "requires": {
        "@ethersproject/bytes": "^5.3.0",
        "@ethersproject/logger": "^5.3.0",
        "bn.js": "^4.11.9"
      }
    },
    "@ethersproject/bytes": {
      "version": "5.3.0",
      "resolved": "https://registry.npmjs.org/@ethersproject/bytes/-/bytes-5.3.0.tgz",
      "integrity": "sha512-rqLJjdVqCcn7glPer7Fxh87PRqlnRScVAoxcIP3PmOUNApMWJ6yRdOFfo2KvPAdO7Le3yEI1o0YW+Yvr7XCYvw==",
      "dev": true,
      "requires": {
        "@ethersproject/logger": "^5.3.0"
      }
    },
    "@ethersproject/constants": {
      "version": "5.3.0",
      "resolved": "https://registry.npmjs.org/@ethersproject/constants/-/constants-5.3.0.tgz",
      "integrity": "sha512-4y1feNOwEpgjAfiCFWOHznvv6qUF/H6uI0UKp8xdhftb+H+FbKflXg1pOgH5qs4Sr7EYBL+zPyPb+YD5g1aEyw==",
      "dev": true,
      "requires": {
        "@ethersproject/bignumber": "^5.3.0"
      }
    },
    "@ethersproject/contracts": {
      "version": "5.3.0",
      "resolved": "https://registry.npmjs.org/@ethersproject/contracts/-/contracts-5.3.0.tgz",
      "integrity": "sha512-eDyQ8ltykvyQqnGZxb/c1e0OnEtzqXhNNC4BX8nhYBCaoBrYYuK/1fLmyEvc5+XUMoxNhwpYkoSSwvPLci7/Zg==",
      "dev": true,
      "requires": {
        "@ethersproject/abi": "^5.3.0",
        "@ethersproject/abstract-provider": "^5.3.0",
        "@ethersproject/abstract-signer": "^5.3.0",
        "@ethersproject/address": "^5.3.0",
        "@ethersproject/bignumber": "^5.3.0",
        "@ethersproject/bytes": "^5.3.0",
        "@ethersproject/constants": "^5.3.0",
        "@ethersproject/logger": "^5.3.0",
        "@ethersproject/properties": "^5.3.0",
        "@ethersproject/transactions": "^5.3.0"
      }
    },
    "@ethersproject/hash": {
      "version": "5.3.0",
      "resolved": "https://registry.npmjs.org/@ethersproject/hash/-/hash-5.3.0.tgz",
      "integrity": "sha512-gAFZSjUPQ32CIfoKSMtMEQ+IO0kQxqhwz9fCIFt2DtAq2u4pWt8mL9Z5P0r6KkLcQU8LE9FmuPPyd+JvBzmr1w==",
      "dev": true,
      "requires": {
        "@ethersproject/abstract-signer": "^5.3.0",
        "@ethersproject/address": "^5.3.0",
        "@ethersproject/bignumber": "^5.3.0",
        "@ethersproject/bytes": "^5.3.0",
        "@ethersproject/keccak256": "^5.3.0",
        "@ethersproject/logger": "^5.3.0",
        "@ethersproject/properties": "^5.3.0",
        "@ethersproject/strings": "^5.3.0"
      }
    },
    "@ethersproject/hdnode": {
      "version": "5.3.0",
      "resolved": "https://registry.npmjs.org/@ethersproject/hdnode/-/hdnode-5.3.0.tgz",
      "integrity": "sha512-zLmmtLNoDMGoYRdjOab01Zqkvp+TmZyCGDAMQF1Bs3yZyBs/kzTNi1qJjR1jVUcPP5CWGtjFwY8iNG8oNV9J8g==",
      "dev": true,
      "requires": {
        "@ethersproject/abstract-signer": "^5.3.0",
        "@ethersproject/basex": "^5.3.0",
        "@ethersproject/bignumber": "^5.3.0",
        "@ethersproject/bytes": "^5.3.0",
        "@ethersproject/logger": "^5.3.0",
        "@ethersproject/pbkdf2": "^5.3.0",
        "@ethersproject/properties": "^5.3.0",
        "@ethersproject/sha2": "^5.3.0",
        "@ethersproject/signing-key": "^5.3.0",
        "@ethersproject/strings": "^5.3.0",
        "@ethersproject/transactions": "^5.3.0",
        "@ethersproject/wordlists": "^5.3.0"
      }
    },
    "@ethersproject/json-wallets": {
      "version": "5.3.0",
      "resolved": "https://registry.npmjs.org/@ethersproject/json-wallets/-/json-wallets-5.3.0.tgz",
      "integrity": "sha512-/xwbqaIb5grUIGNmeEaz8GdcpmDr++X8WT4Jqcclnxow8PXCUHFeDxjf3O+nSuoqOYG/Ds0+BI5xuQKbva6Xkw==",
      "dev": true,
      "requires": {
        "@ethersproject/abstract-signer": "^5.3.0",
        "@ethersproject/address": "^5.3.0",
        "@ethersproject/bytes": "^5.3.0",
        "@ethersproject/hdnode": "^5.3.0",
        "@ethersproject/keccak256": "^5.3.0",
        "@ethersproject/logger": "^5.3.0",
        "@ethersproject/pbkdf2": "^5.3.0",
        "@ethersproject/properties": "^5.3.0",
        "@ethersproject/random": "^5.3.0",
        "@ethersproject/strings": "^5.3.0",
        "@ethersproject/transactions": "^5.3.0",
        "aes-js": "3.0.0",
        "scrypt-js": "3.0.1"
      }
    },
    "@ethersproject/keccak256": {
      "version": "5.3.0",
      "resolved": "https://registry.npmjs.org/@ethersproject/keccak256/-/keccak256-5.3.0.tgz",
      "integrity": "sha512-Gv2YqgIUmRbYVNIibafT0qGaeGYLIA/EdWHJ7JcVxVSs2vyxafGxOJ5VpSBHWeOIsE6OOaCelYowhuuTicgdFQ==",
      "dev": true,
      "requires": {
        "@ethersproject/bytes": "^5.3.0",
        "js-sha3": "0.5.7"
      }
    },
    "@ethersproject/logger": {
      "version": "5.3.0",
      "resolved": "https://registry.npmjs.org/@ethersproject/logger/-/logger-5.3.0.tgz",
      "integrity": "sha512-8bwJ2gxJGkZZnpQSq5uSiZSJjyVTWmlGft4oH8vxHdvO1Asy4TwVepAhPgxIQIMxXZFUNMych1YjIV4oQ4I7dA==",
      "dev": true
    },
    "@ethersproject/networks": {
      "version": "5.3.1",
      "resolved": "https://registry.npmjs.org/@ethersproject/networks/-/networks-5.3.1.tgz",
      "integrity": "sha512-6uQKHkYChlsfeiZhQ8IHIqGE/sQsf25o9ZxAYpMxi15dLPzz3IxOEF5KiSD32aHwsjXVBKBSlo+teAXLlYJybw==",
      "dev": true,
      "requires": {
        "@ethersproject/logger": "^5.3.0"
      }
    },
    "@ethersproject/pbkdf2": {
      "version": "5.4.0",
      "resolved": "https://registry.npmjs.org/@ethersproject/pbkdf2/-/pbkdf2-5.4.0.tgz",
      "integrity": "sha512-x94aIv6tiA04g6BnazZSLoRXqyusawRyZWlUhKip2jvoLpzJuLb//KtMM6PEovE47pMbW+Qe1uw+68ameJjB7g==",
      "dev": true,
      "requires": {
        "@ethersproject/bytes": "^5.4.0",
        "@ethersproject/sha2": "^5.4.0"
      },
      "dependencies": {
        "@ethersproject/bytes": {
          "version": "5.4.0",
          "resolved": "https://registry.npmjs.org/@ethersproject/bytes/-/bytes-5.4.0.tgz",
          "integrity": "sha512-H60ceqgTHbhzOj4uRc/83SCN9d+BSUnOkrr2intevqdtEMO1JFVZ1XL84OEZV+QjV36OaZYxtnt4lGmxcGsPfA==",
          "dev": true,
          "requires": {
            "@ethersproject/logger": "^5.4.0"
          }
        },
        "@ethersproject/logger": {
          "version": "5.4.0",
          "resolved": "https://registry.npmjs.org/@ethersproject/logger/-/logger-5.4.0.tgz",
          "integrity": "sha512-xYdWGGQ9P2cxBayt64d8LC8aPFJk6yWCawQi/4eJ4+oJdMMjEBMrIcIMZ9AxhwpPVmnBPrsB10PcXGmGAqgUEQ==",
          "dev": true
        }
      }
    },
    "@ethersproject/properties": {
      "version": "5.3.0",
      "resolved": "https://registry.npmjs.org/@ethersproject/properties/-/properties-5.3.0.tgz",
      "integrity": "sha512-PaHxJyM5/bfusk6vr3yP//JMnm4UEojpzuWGTmtL5X4uNhNnFNvlYilZLyDr4I9cTkIbipCMsAuIcXWsmdRnEw==",
      "dev": true,
      "requires": {
        "@ethersproject/logger": "^5.3.0"
      }
    },
    "@ethersproject/providers": {
      "version": "5.3.1",
      "resolved": "https://registry.npmjs.org/@ethersproject/providers/-/providers-5.3.1.tgz",
      "integrity": "sha512-HC63vENTrur6/JKEhcQbA8PRDj1FAesdpX98IW+xAAo3EAkf70ou5fMIA3KCGzJDLNTeYA4C2Bonz849tVLekg==",
      "dev": true,
      "requires": {
        "@ethersproject/abstract-provider": "^5.3.0",
        "@ethersproject/abstract-signer": "^5.3.0",
        "@ethersproject/address": "^5.3.0",
        "@ethersproject/basex": "^5.3.0",
        "@ethersproject/bignumber": "^5.3.0",
        "@ethersproject/bytes": "^5.3.0",
        "@ethersproject/constants": "^5.3.0",
        "@ethersproject/hash": "^5.3.0",
        "@ethersproject/logger": "^5.3.0",
        "@ethersproject/networks": "^5.3.0",
        "@ethersproject/properties": "^5.3.0",
        "@ethersproject/random": "^5.3.0",
        "@ethersproject/rlp": "^5.3.0",
        "@ethersproject/sha2": "^5.3.0",
        "@ethersproject/strings": "^5.3.0",
        "@ethersproject/transactions": "^5.3.0",
        "@ethersproject/web": "^5.3.0",
        "bech32": "1.1.4",
        "ws": "7.4.6"
      }
    },
    "@ethersproject/random": {
      "version": "5.3.0",
      "resolved": "https://registry.npmjs.org/@ethersproject/random/-/random-5.3.0.tgz",
      "integrity": "sha512-A5SL/4inutSwt3Fh2OD0x2gz+x6GHmuUnIPkR7zAiTidMD2N8F6tZdMF1hlQKWVCcVMWhEQg8mWijhEzm6BBYw==",
      "dev": true,
      "requires": {
        "@ethersproject/bytes": "^5.3.0",
        "@ethersproject/logger": "^5.3.0"
      }
    },
    "@ethersproject/rlp": {
      "version": "5.3.0",
      "resolved": "https://registry.npmjs.org/@ethersproject/rlp/-/rlp-5.3.0.tgz",
      "integrity": "sha512-oI0joYpsRanl9guDubaW+1NbcpK0vJ3F/6Wpcanzcnqq+oaW9O5E98liwkEDPcb16BUTLIJ+ZF8GPIHYxJ/5Pw==",
      "dev": true,
      "requires": {
        "@ethersproject/bytes": "^5.3.0",
        "@ethersproject/logger": "^5.3.0"
      }
    },
    "@ethersproject/sha2": {
      "version": "5.4.0",
      "resolved": "https://registry.npmjs.org/@ethersproject/sha2/-/sha2-5.4.0.tgz",
      "integrity": "sha512-siheo36r1WD7Cy+bDdE1BJ8y0bDtqXCOxRMzPa4bV1TGt/eTUUt03BHoJNB6reWJD8A30E/pdJ8WFkq+/uz4Gg==",
      "dev": true,
      "requires": {
        "@ethersproject/bytes": "^5.4.0",
        "@ethersproject/logger": "^5.4.0",
        "hash.js": "1.1.7"
      },
      "dependencies": {
        "@ethersproject/bytes": {
          "version": "5.4.0",
          "resolved": "https://registry.npmjs.org/@ethersproject/bytes/-/bytes-5.4.0.tgz",
          "integrity": "sha512-H60ceqgTHbhzOj4uRc/83SCN9d+BSUnOkrr2intevqdtEMO1JFVZ1XL84OEZV+QjV36OaZYxtnt4lGmxcGsPfA==",
          "dev": true,
          "requires": {
            "@ethersproject/logger": "^5.4.0"
          }
        },
        "@ethersproject/logger": {
          "version": "5.4.0",
          "resolved": "https://registry.npmjs.org/@ethersproject/logger/-/logger-5.4.0.tgz",
          "integrity": "sha512-xYdWGGQ9P2cxBayt64d8LC8aPFJk6yWCawQi/4eJ4+oJdMMjEBMrIcIMZ9AxhwpPVmnBPrsB10PcXGmGAqgUEQ==",
          "dev": true
        }
      }
    },
    "@ethersproject/signing-key": {
      "version": "5.3.0",
      "resolved": "https://registry.npmjs.org/@ethersproject/signing-key/-/signing-key-5.3.0.tgz",
      "integrity": "sha512-+DX/GwHAd0ok1bgedV1cKO0zfK7P/9aEyNoaYiRsGHpCecN7mhLqcdoUiUzE7Uz86LBsxm5ssK0qA1kBB47fbQ==",
      "dev": true,
      "requires": {
        "@ethersproject/bytes": "^5.3.0",
        "@ethersproject/logger": "^5.3.0",
        "@ethersproject/properties": "^5.3.0",
        "bn.js": "^4.11.9",
        "elliptic": "6.5.4",
        "hash.js": "1.1.7"
      }
    },
    "@ethersproject/solidity": {
      "version": "5.3.0",
      "resolved": "https://registry.npmjs.org/@ethersproject/solidity/-/solidity-5.3.0.tgz",
      "integrity": "sha512-uLRBaNUiISHbut94XKewJgQh6UmydWTBp71I7I21pkjVXfZO2dJ5EOo3jCnumJc01M4LOm79dlNNmF3oGIvweQ==",
      "dev": true,
      "requires": {
        "@ethersproject/bignumber": "^5.3.0",
        "@ethersproject/bytes": "^5.3.0",
        "@ethersproject/keccak256": "^5.3.0",
        "@ethersproject/sha2": "^5.3.0",
        "@ethersproject/strings": "^5.3.0"
      }
    },
    "@ethersproject/strings": {
      "version": "5.3.0",
      "resolved": "https://registry.npmjs.org/@ethersproject/strings/-/strings-5.3.0.tgz",
      "integrity": "sha512-j/AzIGZ503cvhuF2ldRSjB0BrKzpsBMtCieDtn4TYMMZMQ9zScJn9wLzTQl/bRNvJbBE6TOspK0r8/Ngae/f2Q==",
      "dev": true,
      "requires": {
        "@ethersproject/bytes": "^5.3.0",
        "@ethersproject/constants": "^5.3.0",
        "@ethersproject/logger": "^5.3.0"
      }
    },
    "@ethersproject/transactions": {
      "version": "5.3.0",
      "resolved": "https://registry.npmjs.org/@ethersproject/transactions/-/transactions-5.3.0.tgz",
      "integrity": "sha512-cdfK8VVyW2oEBCXhURG0WQ6AICL/r6Gmjh0e4Bvbv6MCn/GBd8FeBH3rtl7ho+AW50csMKeGv3m3K1HSHB2jMQ==",
      "dev": true,
      "requires": {
        "@ethersproject/address": "^5.3.0",
        "@ethersproject/bignumber": "^5.3.0",
        "@ethersproject/bytes": "^5.3.0",
        "@ethersproject/constants": "^5.3.0",
        "@ethersproject/keccak256": "^5.3.0",
        "@ethersproject/logger": "^5.3.0",
        "@ethersproject/properties": "^5.3.0",
        "@ethersproject/rlp": "^5.3.0",
        "@ethersproject/signing-key": "^5.3.0"
      }
    },
    "@ethersproject/units": {
      "version": "5.3.0",
      "resolved": "https://registry.npmjs.org/@ethersproject/units/-/units-5.3.0.tgz",
      "integrity": "sha512-BkfccZGwfJ6Ob+AelpIrgAzuNhrN2VLp3AILnkqTOv+yBdsc83V4AYf25XC/u0rHnWl6f4POaietPwlMqP2vUg==",
      "dev": true,
      "requires": {
        "@ethersproject/bignumber": "^5.3.0",
        "@ethersproject/constants": "^5.3.0",
        "@ethersproject/logger": "^5.3.0"
      }
    },
    "@ethersproject/wallet": {
      "version": "5.3.0",
      "resolved": "https://registry.npmjs.org/@ethersproject/wallet/-/wallet-5.3.0.tgz",
      "integrity": "sha512-boYBLydG6671p9QoG6EinNnNzbm7DNOjVT20eV8J6HQEq4aUaGiA2CytF2vK+2rOEWbzhZqoNDt6AlkE1LlsTg==",
      "dev": true,
      "requires": {
        "@ethersproject/abstract-provider": "^5.3.0",
        "@ethersproject/abstract-signer": "^5.3.0",
        "@ethersproject/address": "^5.3.0",
        "@ethersproject/bignumber": "^5.3.0",
        "@ethersproject/bytes": "^5.3.0",
        "@ethersproject/hash": "^5.3.0",
        "@ethersproject/hdnode": "^5.3.0",
        "@ethersproject/json-wallets": "^5.3.0",
        "@ethersproject/keccak256": "^5.3.0",
        "@ethersproject/logger": "^5.3.0",
        "@ethersproject/properties": "^5.3.0",
        "@ethersproject/random": "^5.3.0",
        "@ethersproject/signing-key": "^5.3.0",
        "@ethersproject/transactions": "^5.3.0",
        "@ethersproject/wordlists": "^5.3.0"
      }
    },
    "@ethersproject/web": {
      "version": "5.3.0",
      "resolved": "https://registry.npmjs.org/@ethersproject/web/-/web-5.3.0.tgz",
      "integrity": "sha512-Ni6/DHnY6k/TD41LEkv0RQDx4jqWz5e/RZvrSecsxGYycF+MFy2z++T/yGc2peRunLOTIFwEksgEGGlbwfYmhQ==",
      "dev": true,
      "requires": {
        "@ethersproject/base64": "^5.3.0",
        "@ethersproject/bytes": "^5.3.0",
        "@ethersproject/logger": "^5.3.0",
        "@ethersproject/properties": "^5.3.0",
        "@ethersproject/strings": "^5.3.0"
      }
    },
    "@ethersproject/wordlists": {
      "version": "5.4.0",
      "resolved": "https://registry.npmjs.org/@ethersproject/wordlists/-/wordlists-5.4.0.tgz",
      "integrity": "sha512-FemEkf6a+EBKEPxlzeVgUaVSodU7G0Na89jqKjmWMlDB0tomoU8RlEMgUvXyqtrg8N4cwpLh8nyRnm1Nay1isA==",
      "dev": true,
      "requires": {
        "@ethersproject/bytes": "^5.4.0",
        "@ethersproject/hash": "^5.4.0",
        "@ethersproject/logger": "^5.4.0",
        "@ethersproject/properties": "^5.4.0",
        "@ethersproject/strings": "^5.4.0"
      },
      "dependencies": {
        "@ethersproject/abstract-provider": {
          "version": "5.4.0",
          "resolved": "https://registry.npmjs.org/@ethersproject/abstract-provider/-/abstract-provider-5.4.0.tgz",
          "integrity": "sha512-vPBR7HKUBY0lpdllIn7tLIzNN7DrVnhCLKSzY0l8WAwxz686m/aL7ASDzrVxV93GJtIub6N2t4dfZ29CkPOxgA==",
          "dev": true,
          "requires": {
            "@ethersproject/bignumber": "^5.4.0",
            "@ethersproject/bytes": "^5.4.0",
            "@ethersproject/logger": "^5.4.0",
            "@ethersproject/networks": "^5.4.0",
            "@ethersproject/properties": "^5.4.0",
            "@ethersproject/transactions": "^5.4.0",
            "@ethersproject/web": "^5.4.0"
          }
        },
        "@ethersproject/abstract-signer": {
          "version": "5.4.0",
          "resolved": "https://registry.npmjs.org/@ethersproject/abstract-signer/-/abstract-signer-5.4.0.tgz",
          "integrity": "sha512-AieQAzt05HJZS2bMofpuxMEp81AHufA5D6M4ScKwtolj041nrfIbIi8ciNW7+F59VYxXq+V4c3d568Q6l2m8ew==",
          "dev": true,
          "requires": {
            "@ethersproject/abstract-provider": "^5.4.0",
            "@ethersproject/bignumber": "^5.4.0",
            "@ethersproject/bytes": "^5.4.0",
            "@ethersproject/logger": "^5.4.0",
            "@ethersproject/properties": "^5.4.0"
          }
        },
        "@ethersproject/address": {
          "version": "5.4.0",
          "resolved": "https://registry.npmjs.org/@ethersproject/address/-/address-5.4.0.tgz",
          "integrity": "sha512-SD0VgOEkcACEG/C6xavlU1Hy3m5DGSXW3CUHkaaEHbAPPsgi0coP5oNPsxau8eTlZOk/bpa/hKeCNoK5IzVI2Q==",
          "dev": true,
          "requires": {
            "@ethersproject/bignumber": "^5.4.0",
            "@ethersproject/bytes": "^5.4.0",
            "@ethersproject/keccak256": "^5.4.0",
            "@ethersproject/logger": "^5.4.0",
            "@ethersproject/rlp": "^5.4.0"
          }
        },
        "@ethersproject/base64": {
          "version": "5.4.0",
          "resolved": "https://registry.npmjs.org/@ethersproject/base64/-/base64-5.4.0.tgz",
          "integrity": "sha512-CjQw6E17QDSSC5jiM9YpF7N1aSCHmYGMt9bWD8PWv6YPMxjsys2/Q8xLrROKI3IWJ7sFfZ8B3flKDTM5wlWuZQ==",
          "dev": true,
          "requires": {
            "@ethersproject/bytes": "^5.4.0"
          }
        },
        "@ethersproject/bignumber": {
          "version": "5.4.0",
          "resolved": "https://registry.npmjs.org/@ethersproject/bignumber/-/bignumber-5.4.0.tgz",
          "integrity": "sha512-OXUu9f9hO3vGRIPxU40cignXZVaYyfx6j9NNMjebKdnaCL3anCLSSy8/b8d03vY6dh7duCC0kW72GEC4tZer2w==",
          "dev": true,
          "requires": {
            "@ethersproject/bytes": "^5.4.0",
            "@ethersproject/logger": "^5.4.0",
            "bn.js": "^4.11.9"
          }
        },
        "@ethersproject/bytes": {
          "version": "5.4.0",
          "resolved": "https://registry.npmjs.org/@ethersproject/bytes/-/bytes-5.4.0.tgz",
          "integrity": "sha512-H60ceqgTHbhzOj4uRc/83SCN9d+BSUnOkrr2intevqdtEMO1JFVZ1XL84OEZV+QjV36OaZYxtnt4lGmxcGsPfA==",
          "dev": true,
          "requires": {
            "@ethersproject/logger": "^5.4.0"
          }
        },
        "@ethersproject/constants": {
          "version": "5.4.0",
          "resolved": "https://registry.npmjs.org/@ethersproject/constants/-/constants-5.4.0.tgz",
          "integrity": "sha512-tzjn6S7sj9+DIIeKTJLjK9WGN2Tj0P++Z8ONEIlZjyoTkBuODN+0VfhAyYksKi43l1Sx9tX2VlFfzjfmr5Wl3Q==",
          "dev": true,
          "requires": {
            "@ethersproject/bignumber": "^5.4.0"
          }
        },
        "@ethersproject/hash": {
          "version": "5.4.0",
          "resolved": "https://registry.npmjs.org/@ethersproject/hash/-/hash-5.4.0.tgz",
          "integrity": "sha512-xymAM9tmikKgbktOCjW60Z5sdouiIIurkZUr9oW5NOex5uwxrbsYG09kb5bMcNjlVeJD3yPivTNzViIs1GCbqA==",
          "dev": true,
          "requires": {
            "@ethersproject/abstract-signer": "^5.4.0",
            "@ethersproject/address": "^5.4.0",
            "@ethersproject/bignumber": "^5.4.0",
            "@ethersproject/bytes": "^5.4.0",
            "@ethersproject/keccak256": "^5.4.0",
            "@ethersproject/logger": "^5.4.0",
            "@ethersproject/properties": "^5.4.0",
            "@ethersproject/strings": "^5.4.0"
          }
        },
        "@ethersproject/keccak256": {
          "version": "5.4.0",
          "resolved": "https://registry.npmjs.org/@ethersproject/keccak256/-/keccak256-5.4.0.tgz",
          "integrity": "sha512-FBI1plWet+dPUvAzPAeHzRKiPpETQzqSUWR1wXJGHVWi4i8bOSrpC3NwpkPjgeXG7MnugVc1B42VbfnQikyC/A==",
          "dev": true,
          "requires": {
            "@ethersproject/bytes": "^5.4.0",
            "js-sha3": "0.5.7"
          }
        },
        "@ethersproject/logger": {
          "version": "5.4.0",
          "resolved": "https://registry.npmjs.org/@ethersproject/logger/-/logger-5.4.0.tgz",
          "integrity": "sha512-xYdWGGQ9P2cxBayt64d8LC8aPFJk6yWCawQi/4eJ4+oJdMMjEBMrIcIMZ9AxhwpPVmnBPrsB10PcXGmGAqgUEQ==",
          "dev": true
        },
        "@ethersproject/networks": {
          "version": "5.4.0",
          "resolved": "https://registry.npmjs.org/@ethersproject/networks/-/networks-5.4.0.tgz",
          "integrity": "sha512-5fywtKRDcnaVeA5SjxXH3DOQqe/IbeD/plwydi94SdPps1fbDUrnO6SzDExaruBZXxpxJcO9upG9UComsei4bg==",
          "dev": true,
          "requires": {
            "@ethersproject/logger": "^5.4.0"
          }
        },
        "@ethersproject/properties": {
          "version": "5.4.0",
          "resolved": "https://registry.npmjs.org/@ethersproject/properties/-/properties-5.4.0.tgz",
          "integrity": "sha512-7jczalGVRAJ+XSRvNA6D5sAwT4gavLq3OXPuV/74o3Rd2wuzSL035IMpIMgei4CYyBdialJMrTqkOnzccLHn4A==",
          "dev": true,
          "requires": {
            "@ethersproject/logger": "^5.4.0"
          }
        },
        "@ethersproject/rlp": {
          "version": "5.4.0",
          "resolved": "https://registry.npmjs.org/@ethersproject/rlp/-/rlp-5.4.0.tgz",
          "integrity": "sha512-0I7MZKfi+T5+G8atId9QaQKHRvvasM/kqLyAH4XxBCBchAooH2EX5rL9kYZWwcm3awYV+XC7VF6nLhfeQFKVPg==",
          "dev": true,
          "requires": {
            "@ethersproject/bytes": "^5.4.0",
            "@ethersproject/logger": "^5.4.0"
          }
        },
        "@ethersproject/signing-key": {
          "version": "5.4.0",
          "resolved": "https://registry.npmjs.org/@ethersproject/signing-key/-/signing-key-5.4.0.tgz",
          "integrity": "sha512-q8POUeywx6AKg2/jX9qBYZIAmKSB4ubGXdQ88l40hmATj29JnG5pp331nAWwwxPn2Qao4JpWHNZsQN+bPiSW9A==",
          "dev": true,
          "requires": {
            "@ethersproject/bytes": "^5.4.0",
            "@ethersproject/logger": "^5.4.0",
            "@ethersproject/properties": "^5.4.0",
            "bn.js": "^4.11.9",
            "elliptic": "6.5.4",
            "hash.js": "1.1.7"
          }
        },
        "@ethersproject/strings": {
          "version": "5.4.0",
          "resolved": "https://registry.npmjs.org/@ethersproject/strings/-/strings-5.4.0.tgz",
          "integrity": "sha512-k/9DkH5UGDhv7aReXLluFG5ExurwtIpUfnDNhQA29w896Dw3i4uDTz01Quaptbks1Uj9kI8wo9tmW73wcIEaWA==",
          "dev": true,
          "requires": {
            "@ethersproject/bytes": "^5.4.0",
            "@ethersproject/constants": "^5.4.0",
            "@ethersproject/logger": "^5.4.0"
          }
        },
        "@ethersproject/transactions": {
          "version": "5.4.0",
          "resolved": "https://registry.npmjs.org/@ethersproject/transactions/-/transactions-5.4.0.tgz",
          "integrity": "sha512-s3EjZZt7xa4BkLknJZ98QGoIza94rVjaEed0rzZ/jB9WrIuu/1+tjvYCWzVrystXtDswy7TPBeIepyXwSYa4WQ==",
          "dev": true,
          "requires": {
            "@ethersproject/address": "^5.4.0",
            "@ethersproject/bignumber": "^5.4.0",
            "@ethersproject/bytes": "^5.4.0",
            "@ethersproject/constants": "^5.4.0",
            "@ethersproject/keccak256": "^5.4.0",
            "@ethersproject/logger": "^5.4.0",
            "@ethersproject/properties": "^5.4.0",
            "@ethersproject/rlp": "^5.4.0",
            "@ethersproject/signing-key": "^5.4.0"
          }
        },
        "@ethersproject/web": {
          "version": "5.4.0",
          "resolved": "https://registry.npmjs.org/@ethersproject/web/-/web-5.4.0.tgz",
          "integrity": "sha512-1bUusGmcoRLYgMn6c1BLk1tOKUIFuTg8j+6N8lYlbMpDesnle+i3pGSagGNvwjaiLo4Y5gBibwctpPRmjrh4Og==",
          "dev": true,
          "requires": {
            "@ethersproject/base64": "^5.4.0",
            "@ethersproject/bytes": "^5.4.0",
            "@ethersproject/logger": "^5.4.0",
            "@ethersproject/properties": "^5.4.0",
            "@ethersproject/strings": "^5.4.0"
          }
        }
      }
    },
    "@nomiclabs/hardhat-ethers": {
      "version": "2.0.2",
      "dev": true
    },
    "@nomiclabs/hardhat-waffle": {
      "version": "2.0.1",
      "dev": true,
      "requires": {
        "@types/sinon-chai": "^3.2.3",
        "@types/web3": "1.0.19"
      }
    },
    "@sinonjs/commons": {
      "version": "1.8.3",
      "resolved": "https://registry.npmjs.org/@sinonjs/commons/-/commons-1.8.3.tgz",
      "integrity": "sha512-xkNcLAn/wZaX14RPlwizcKicDk9G3F8m2nU3L7Ukm5zBgTwiT0wsoFAHx9Jq56fJA1z/7uKGtCRu16sOUCLIHQ==",
      "dev": true,
      "requires": {
        "type-detect": "4.0.8"
      }
    },
    "@sinonjs/fake-timers": {
      "version": "7.1.2",
      "resolved": "https://registry.npmjs.org/@sinonjs/fake-timers/-/fake-timers-7.1.2.tgz",
      "integrity": "sha512-iQADsW4LBMISqZ6Ci1dupJL9pprqwcVFTcOsEmQOEhW+KLCVn/Y4Jrvg2k19fIHCp+iFprriYPTdRcQR8NbUPg==",
      "dev": true,
      "requires": {
        "@sinonjs/commons": "^1.7.0"
      }
    },
    "@solidity-parser/parser": {
      "version": "0.13.2",
      "resolved": "https://registry.npmjs.org/@solidity-parser/parser/-/parser-0.13.2.tgz",
      "integrity": "sha512-RwHnpRnfrnD2MSPveYoPh8nhofEvX7fgjHk1Oq+NNvCcLx4r1js91CO9o+F/F3fBzOCyvm8kKRTriFICX/odWw==",
      "dev": true,
      "requires": {
        "antlr4ts": "^0.5.0-alpha.4"
      }
    },
    "@types/bn.js": {
      "version": "5.1.0",
      "resolved": "https://registry.npmjs.org/@types/bn.js/-/bn.js-5.1.0.tgz",
      "integrity": "sha512-QSSVYj7pYFN49kW77o2s9xTCwZ8F2xLbjLLSEVh8D2F4JUhZtPAGOFLTD+ffqksBx/u4cE/KImFjyhqCjn/LIA==",
      "dev": true,
      "requires": {
        "@types/node": "*"
      }
    },
    "@types/chai": {
      "version": "4.2.18",
      "resolved": "https://registry.npmjs.org/@types/chai/-/chai-4.2.18.tgz",
      "integrity": "sha512-rS27+EkB/RE1Iz3u0XtVL5q36MGDWbgYe7zWiodyKNUnthxY0rukK5V36eiUCtCisB7NN8zKYH6DO2M37qxFEQ==",
      "dev": true
    },
    "@types/node": {
      "version": "15.12.2",
      "resolved": "https://registry.npmjs.org/@types/node/-/node-15.12.2.tgz",
      "integrity": "sha512-zjQ69G564OCIWIOHSXyQEEDpdpGl+G348RAKY0XXy9Z5kU9Vzv1GMNnkar/ZJ8dzXB3COzD9Mo9NtRZ4xfgUww==",
      "dev": true
    },
    "@types/sinon": {
      "version": "10.0.2",
      "resolved": "https://registry.npmjs.org/@types/sinon/-/sinon-10.0.2.tgz",
      "integrity": "sha512-BHn8Bpkapj8Wdfxvh2jWIUoaYB/9/XhsL0oOvBfRagJtKlSl9NWPcFOz2lRukI9szwGxFtYZCTejJSqsGDbdmw==",
      "dev": true,
      "requires": {
        "@sinonjs/fake-timers": "^7.1.0"
      }
    },
    "@types/sinon-chai": {
      "version": "3.2.5",
      "resolved": "https://registry.npmjs.org/@types/sinon-chai/-/sinon-chai-3.2.5.tgz",
      "integrity": "sha512-bKQqIpew7mmIGNRlxW6Zli/QVyc3zikpGzCa797B/tRnD9OtHvZ/ts8sYXV+Ilj9u3QRaUEM8xrjgd1gwm1BpQ==",
      "dev": true,
      "requires": {
        "@types/chai": "*",
        "@types/sinon": "*"
      }
    },
    "@types/underscore": {
      "version": "1.11.2",
      "resolved": "https://registry.npmjs.org/@types/underscore/-/underscore-1.11.2.tgz",
      "integrity": "sha512-Ls2ylbo7++ITrWk2Yc3G/jijwSq5V3GT0tlgVXEl2kKYXY3ImrtmTCoE2uyTWFRI5owMBriloZFWbE1SXOsE7w==",
      "dev": true
    },
    "@types/web3": {
      "version": "1.0.19",
      "resolved": "https://registry.npmjs.org/@types/web3/-/web3-1.0.19.tgz",
      "integrity": "sha512-fhZ9DyvDYDwHZUp5/STa9XW2re0E8GxoioYJ4pEUZ13YHpApSagixj7IAdoYH5uAK+UalGq6Ml8LYzmgRA/q+A==",
      "dev": true,
      "requires": {
        "@types/bn.js": "*",
        "@types/underscore": "*"
      }
    },
    "aes-js": {
      "version": "3.0.0",
      "resolved": "https://registry.npmjs.org/aes-js/-/aes-js-3.0.0.tgz",
      "integrity": "sha1-4h3xCtbCBTKVvLuNq0Cwnb6ofk0=",
      "dev": true
    },
    "ansi-regex": {
      "version": "5.0.0",
      "resolved": "https://registry.npmjs.org/ansi-regex/-/ansi-regex-5.0.0.tgz",
      "integrity": "sha512-bY6fj56OUQ0hU1KjFNDQuJFezqKdrAyFdIevADiqrWHwSlbmBNMHp5ak2f40Pm8JTFyM2mqxkG6ngkHO11f/lg==",
      "dev": true
    },
    "antlr4ts": {
      "version": "0.5.0-alpha.4",
      "resolved": "https://registry.npmjs.org/antlr4ts/-/antlr4ts-0.5.0-alpha.4.tgz",
      "integrity": "sha512-WPQDt1B74OfPv/IMS2ekXAKkTZIHl88uMetg6q3OTqgFxZ/dxDXI0EWLyZid/1Pe6hTftyg5N7gel5wNAGxXyQ==",
      "dev": true
    },
    "assertion-error": {
      "version": "1.1.0",
      "resolved": "https://registry.npmjs.org/assertion-error/-/assertion-error-1.1.0.tgz",
      "integrity": "sha512-jgsaNduz+ndvGyFt3uSuWqvy4lCnIJiovtouQN5JZHOKCS2QuhEdbcQHFhVksz2N2U9hXJo8odG7ETyWlEeuDw==",
      "dev": true
    },
    "bech32": {
      "version": "1.1.4",
      "resolved": "https://registry.npmjs.org/bech32/-/bech32-1.1.4.tgz",
      "integrity": "sha512-s0IrSOzLlbvX7yp4WBfPITzpAU8sqQcpsmwXDiKwrG4r491vwCO/XpejasRNl0piBMe/DvP4Tz0mIS/X1DPJBQ==",
      "dev": true
    },
    "bn.js": {
      "version": "4.12.0",
      "resolved": "https://registry.npmjs.org/bn.js/-/bn.js-4.12.0.tgz",
      "integrity": "sha512-c98Bf3tPniI+scsdk237ku1Dc3ujXQTSgyiPUDEOe7tRkhrqridvh8klBv0HCEso1OLOYcHuCv/cS6DNxKH+ZA==",
      "dev": true
    },
    "brorand": {
      "version": "1.1.0",
      "resolved": "https://registry.npmjs.org/brorand/-/brorand-1.1.0.tgz",
      "integrity": "sha1-EsJe/kCkXjwyPrhnWgoM5XsiNx8=",
      "dev": true
    },
    "chai": {
      "version": "4.3.4",
      "dev": true,
      "requires": {
        "assertion-error": "^1.1.0",
        "check-error": "^1.0.2",
        "deep-eql": "^3.0.1",
        "get-func-name": "^2.0.0",
        "pathval": "^1.1.1",
        "type-detect": "^4.0.5"
      }
    },
    "check-error": {
      "version": "1.0.2",
      "resolved": "https://registry.npmjs.org/check-error/-/check-error-1.0.2.tgz",
      "integrity": "sha1-V00xLt2Iu13YkS6Sht1sCu1KrII=",
      "dev": true
    },
    "deep-eql": {
      "version": "3.0.1",
      "resolved": "https://registry.npmjs.org/deep-eql/-/deep-eql-3.0.1.tgz",
      "integrity": "sha512-+QeIQyN5ZuO+3Uk5DYh6/1eKO0m0YmJFGNmFHGACpf1ClL1nmlV/p4gNgbl2pJGxgXb4faqo6UE+M5ACEMyVcw==",
      "dev": true,
      "requires": {
        "type-detect": "^4.0.0"
      }
    },
    "elliptic": {
      "version": "6.5.4",
      "resolved": "https://registry.npmjs.org/elliptic/-/elliptic-6.5.4.tgz",
      "integrity": "sha512-iLhC6ULemrljPZb+QutR5TQGB+pdW6KGD5RSegS+8sorOZT+rdQFbsQFJgvN3eRqNALqJer4oQ16YvJHlU8hzQ==",
      "dev": true,
      "requires": {
        "bn.js": "^4.11.9",
        "brorand": "^1.1.0",
        "hash.js": "^1.0.0",
        "hmac-drbg": "^1.0.1",
        "inherits": "^2.0.4",
        "minimalistic-assert": "^1.0.1",
        "minimalistic-crypto-utils": "^1.0.1"
      }
    },
    "emoji-regex": {
      "version": "9.2.2",
      "resolved": "https://registry.npmjs.org/emoji-regex/-/emoji-regex-9.2.2.tgz",
      "integrity": "sha512-L18DaJsXSUk2+42pv8mLs5jJT2hqFkFE4j21wOmgbUqsZ2hL72NsUU785g9RXgo3s0ZNgVl42TiHp3ZtOv/Vyg==",
      "dev": true
    },
    "escape-string-regexp": {
      "version": "4.0.0",
      "resolved": "https://registry.npmjs.org/escape-string-regexp/-/escape-string-regexp-4.0.0.tgz",
      "integrity": "sha512-TtpcNJ3XAzx3Gq8sWRzJaVajRs0uVxA2YAkdb1jm2YkPz4G6egUFAyA3n5vtEIZefPk5Wa4UXbKuS5fKkJWdgA==",
      "dev": true
    },
    "ethers": {
      "version": "5.3.1",
      "dev": true,
      "requires": {
        "@ethersproject/abi": "5.3.1",
        "@ethersproject/abstract-provider": "5.3.0",
        "@ethersproject/abstract-signer": "5.3.0",
        "@ethersproject/address": "5.3.0",
        "@ethersproject/base64": "5.3.0",
        "@ethersproject/basex": "5.3.0",
        "@ethersproject/bignumber": "5.3.0",
        "@ethersproject/bytes": "5.3.0",
        "@ethersproject/constants": "5.3.0",
        "@ethersproject/contracts": "5.3.0",
        "@ethersproject/hash": "5.3.0",
        "@ethersproject/hdnode": "5.3.0",
        "@ethersproject/json-wallets": "5.3.0",
        "@ethersproject/keccak256": "5.3.0",
        "@ethersproject/logger": "5.3.0",
        "@ethersproject/networks": "5.3.1",
        "@ethersproject/pbkdf2": "5.3.0",
        "@ethersproject/properties": "5.3.0",
        "@ethersproject/providers": "5.3.1",
        "@ethersproject/random": "5.3.0",
        "@ethersproject/rlp": "5.3.0",
        "@ethersproject/sha2": "5.3.0",
        "@ethersproject/signing-key": "5.3.0",
        "@ethersproject/solidity": "5.3.0",
        "@ethersproject/strings": "5.3.0",
        "@ethersproject/transactions": "5.3.0",
        "@ethersproject/units": "5.3.0",
        "@ethersproject/wallet": "5.3.0",
        "@ethersproject/web": "5.3.0",
        "@ethersproject/wordlists": "5.3.0"
      },
      "dependencies": {
        "@ethersproject/basex": {
          "version": "5.3.0",
          "resolved": "https://registry.npmjs.org/@ethersproject/basex/-/basex-5.3.0.tgz",
          "integrity": "sha512-8J4nS6t/SOnoCgr3DF5WCSRLC5YwTKYpZWJqeyYQLX+86TwPhtzvHXacODzcDII9tWKhVg6g0Bka8JCBWXsCiQ==",
          "dev": true,
          "requires": {
            "@ethersproject/bytes": "^5.3.0",
            "@ethersproject/properties": "^5.3.0"
          }
        },
        "@ethersproject/pbkdf2": {
          "version": "5.3.0",
          "resolved": "https://registry.npmjs.org/@ethersproject/pbkdf2/-/pbkdf2-5.3.0.tgz",
          "integrity": "sha512-Q9ChVU6gBFiex0FSdtzo4b0SAKz3ZYcYVFLrEWHL0FnHvNk3J3WgAtRNtBQGQYn/T5wkoTdZttMbfBkFlaiWcA==",
          "dev": true,
          "requires": {
            "@ethersproject/bytes": "^5.3.0",
            "@ethersproject/sha2": "^5.3.0"
          }
        },
        "@ethersproject/sha2": {
          "version": "5.3.0",
          "resolved": "https://registry.npmjs.org/@ethersproject/sha2/-/sha2-5.3.0.tgz",
          "integrity": "sha512-r5ftlwKcocYEuFz2JbeKOT5SAsCV4m1RJDsTOEfQ5L67ZC7NFDK5i7maPdn1bx4nPhylF9VAwxSrQ1esmwzylg==",
          "dev": true,
          "requires": {
            "@ethersproject/bytes": "^5.3.0",
            "@ethersproject/logger": "^5.3.0",
            "hash.js": "1.1.7"
          }
        },
        "@ethersproject/wordlists": {
          "version": "5.3.0",
          "resolved": "https://registry.npmjs.org/@ethersproject/wordlists/-/wordlists-5.3.0.tgz",
          "integrity": "sha512-JcwumCZcsUxgWpiFU/BRy6b4KlTRdOmYvOKZcAw/3sdF93/pZyPW5Od2hFkHS8oWp4xS06YQ+qHqQhdcxdHafQ==",
          "dev": true,
          "requires": {
            "@ethersproject/bytes": "^5.3.0",
            "@ethersproject/hash": "^5.3.0",
            "@ethersproject/logger": "^5.3.0",
            "@ethersproject/properties": "^5.3.0",
            "@ethersproject/strings": "^5.3.0"
          }
        }
      }
    },
    "get-func-name": {
      "version": "2.0.0",
      "resolved": "https://registry.npmjs.org/get-func-name/-/get-func-name-2.0.0.tgz",
      "integrity": "sha1-6td0q+5y4gQJQzoGY2YCPdaIekE=",
      "dev": true
    },
    "hash.js": {
      "version": "1.1.7",
      "resolved": "https://registry.npmjs.org/hash.js/-/hash.js-1.1.7.tgz",
      "integrity": "sha512-taOaskGt4z4SOANNseOviYDvjEJinIkRgmp7LbKP2YTTmVxWBl87s/uzK9r+44BclBSp2X7K1hqeNfz9JbBeXA==",
      "dev": true,
      "requires": {
        "inherits": "^2.0.3",
        "minimalistic-assert": "^1.0.1"
      }
    },
    "hmac-drbg": {
      "version": "1.0.1",
      "resolved": "https://registry.npmjs.org/hmac-drbg/-/hmac-drbg-1.0.1.tgz",
      "integrity": "sha1-0nRXAQJabHdabFRXk+1QL8DGSaE=",
      "dev": true,
      "requires": {
        "hash.js": "^1.0.3",
        "minimalistic-assert": "^1.0.0",
        "minimalistic-crypto-utils": "^1.0.1"
      }
    },
    "inherits": {
      "version": "2.0.4",
      "resolved": "https://registry.npmjs.org/inherits/-/inherits-2.0.4.tgz",
      "integrity": "sha512-k/vGaX4/Yla3WzyMCvTQOXYeIHvqOKtnqBduzTHpzpQZzAskKMhZ2K+EnBiSM9zGSoIFeMpXKxa4dYeZIQqewQ==",
      "dev": true
    },
    "is-fullwidth-code-point": {
      "version": "3.0.0",
      "resolved": "https://registry.npmjs.org/is-fullwidth-code-point/-/is-fullwidth-code-point-3.0.0.tgz",
      "integrity": "sha512-zymm5+u+sCsSWyD9qNaejV3DFvhCKclKdizYaJUuHA83RLjb7nSuGnddCHGv0hk+KY7BMAlsWeK4Ueg6EV6XQg==",
      "dev": true
    },
    "js-sha3": {
      "version": "0.5.7",
      "resolved": "https://registry.npmjs.org/js-sha3/-/js-sha3-0.5.7.tgz",
      "integrity": "sha1-DU/9gALVMzqrr0oj7tL2N0yfKOc=",
      "dev": true
    },
    "lru-cache": {
      "version": "6.0.0",
      "resolved": "https://registry.npmjs.org/lru-cache/-/lru-cache-6.0.0.tgz",
      "integrity": "sha512-Jo6dJ04CmSjuznwJSS3pUeWmd/H0ffTlkXXgwZi+eq1UCmqQwCh+eLsYOYCwY991i2Fah4h1BEMCx4qThGbsiA==",
      "dev": true,
      "requires": {
        "yallist": "^4.0.0"
      }
    },
    "minimalistic-assert": {
      "version": "1.0.1",
      "resolved": "https://registry.npmjs.org/minimalistic-assert/-/minimalistic-assert-1.0.1.tgz",
      "integrity": "sha512-UtJcAD4yEaGtjPezWuO9wC4nwUnVH/8/Im3yEHQP4b67cXlD/Qr9hdITCU1xDbSEXg2XKNaP8jsReV7vQd00/A==",
      "dev": true
    },
    "minimalistic-crypto-utils": {
      "version": "1.0.1",
      "resolved": "https://registry.npmjs.org/minimalistic-crypto-utils/-/minimalistic-crypto-utils-1.0.1.tgz",
      "integrity": "sha1-9sAMHAsIIkblxNmd+4x8CDsrWCo=",
      "dev": true
    },
    "pathval": {
      "version": "1.1.1",
      "resolved": "https://registry.npmjs.org/pathval/-/pathval-1.1.1.tgz",
      "integrity": "sha512-Dp6zGqpTdETdR63lehJYPeIOqpiNBNtc7BpWSLrOje7UaIsE5aY92r/AunQA7rsXvet3lrJ3JnZX29UPTKXyKQ==",
      "dev": true
    },
    "prettier": {
      "version": "2.3.2",
      "resolved": "https://registry.npmjs.org/prettier/-/prettier-2.3.2.tgz",
      "integrity": "sha512-lnJzDfJ66zkMy58OL5/NY5zp70S7Nz6KqcKkXYzn2tMVrNxvbqaBpg7H3qHaLxCJ5lNMsGuM8+ohS7cZrthdLQ==",
      "dev": true
    },
    "prettier-plugin-solidity": {
      "version": "1.0.0-beta.13",
      "resolved": "https://registry.npmjs.org/prettier-plugin-solidity/-/prettier-plugin-solidity-1.0.0-beta.13.tgz",
      "integrity": "sha512-AWMDRSabpNQMX7EqdDKgx/UVtQY6e3/Iu4gSPYDGvgiWl+OY8kYhAMll2NZHK/X+F0YYpPHYpebkDh7MGxbB1g==",
      "dev": true,
      "requires": {
        "@solidity-parser/parser": "^0.13.2",
        "emoji-regex": "^9.2.2",
        "escape-string-regexp": "^4.0.0",
        "semver": "^7.3.5",
        "solidity-comments-extractor": "^0.0.7",
        "string-width": "^4.2.2"
      }
    },
    "scrypt-js": {
      "version": "3.0.1",
      "resolved": "https://registry.npmjs.org/scrypt-js/-/scrypt-js-3.0.1.tgz",
      "integrity": "sha512-cdwTTnqPu0Hyvf5in5asVdZocVDTNRmR7XEcJuIzMjJeSHybHl7vpB66AzwTaIg6CLSbtjcxc8fqcySfnTkccA==",
      "dev": true
    },
    "semver": {
      "version": "7.3.5",
      "resolved": "https://registry.npmjs.org/semver/-/semver-7.3.5.tgz",
      "integrity": "sha512-PoeGJYh8HK4BTO/a9Tf6ZG3veo/A7ZVsYrSA6J8ny9nb3B1VrpkuN+z9OE5wfE5p6H4LchYZsegiQgbJD94ZFQ==",
      "dev": true,
      "requires": {
        "lru-cache": "^6.0.0"
      }
    },
    "solidity-comments-extractor": {
      "version": "0.0.7",
      "resolved": "https://registry.npmjs.org/solidity-comments-extractor/-/solidity-comments-extractor-0.0.7.tgz",
      "integrity": "sha512-wciNMLg/Irp8OKGrh3S2tfvZiZ0NEyILfcRCXCD4mp7SgK/i9gzLfhY2hY7VMCQJ3kH9UB9BzNdibIVMchzyYw==",
      "dev": true
    },
    "string-width": {
      "version": "4.2.2",
      "resolved": "https://registry.npmjs.org/string-width/-/string-width-4.2.2.tgz",
      "integrity": "sha512-XBJbT3N4JhVumXE0eoLU9DCjcaF92KLNqTmFCnG1pf8duUxFGwtP6AD6nkjw9a3IdiRtL3E2w3JDiE/xi3vOeA==",
      "dev": true,
      "requires": {
        "emoji-regex": "^8.0.0",
        "is-fullwidth-code-point": "^3.0.0",
        "strip-ansi": "^6.0.0"
      },
      "dependencies": {
        "emoji-regex": {
          "version": "8.0.0",
          "resolved": "https://registry.npmjs.org/emoji-regex/-/emoji-regex-8.0.0.tgz",
          "integrity": "sha512-MSjYzcWNOA0ewAHpz0MxpYFvwg6yjy1NG3xteoqz644VCo/RPgnr1/GGt+ic3iJTzQ8Eu3TdM14SawnVUmGE6A==",
          "dev": true
        }
      }
    },
    "strip-ansi": {
      "version": "6.0.0",
      "resolved": "https://registry.npmjs.org/strip-ansi/-/strip-ansi-6.0.0.tgz",
      "integrity": "sha512-AuvKTrTfQNYNIctbR1K/YGTR1756GycPsg7b9bdV9Duqur4gv6aKqHXah67Z8ImS7WEz5QVcOtlfW2rZEugt6w==",
      "dev": true,
      "requires": {
        "ansi-regex": "^5.0.0"
      }
    },
    "type-detect": {
      "version": "4.0.8",
      "resolved": "https://registry.npmjs.org/type-detect/-/type-detect-4.0.8.tgz",
      "integrity": "sha512-0fr/mIH1dlO+x7TlcMy+bIDqKPsw/70tVyeHW787goQjhmqaZe10uwLujubK9q9Lg6Fiho1KUKDYz0Z7k7g5/g==",
      "dev": true
    },
    "typescript": {
      "version": "4.3.2",
      "dev": true
    },
    "ws": {
      "version": "7.4.6",
      "resolved": "https://registry.npmjs.org/ws/-/ws-7.4.6.tgz",
      "integrity": "sha512-YmhHDO4MzaDLB+M9ym/mDA5z0naX8j7SIlT8f8z+I0VtzsRbekxEutHSme7NPS2qE8StCYQNUnfWdXta/Yu85A==",
      "dev": true
    },
    "yallist": {
      "version": "4.0.0",
      "resolved": "https://registry.npmjs.org/yallist/-/yallist-4.0.0.tgz",
      "integrity": "sha512-3wdGidZyq5PB084XLES5TpOSRA3wjXAlIWMhum2kRcv/41Sn2emQ0dycQW4uZXLejwKvg6EsvbdlVL+FYEct7A==",
      "dev": true
    }
  }
}
