# THIS IS AN AUTOGENERATED FILE. DO NOT EDIT THIS FILE DIRECTLY.
# yarn lockfile v1


accepts@~1.3.4:
  version "1.3.4"
  resolved "https://registry.yarnpkg.com/accepts/-/accepts-1.3.4.tgz#86246758c7dd6d21a6474ff084a4740ec05eb21f"
  dependencies:
    mime-types "~2.1.16"
    negotiator "0.6.1"

ajv@^5.1.0, ajv@^5.1.1:
  version "5.5.2"
  resolved "https://registry.yarnpkg.com/ajv/-/ajv-5.5.2.tgz#73b5eeca3fab653e3d3f9422b341ad42205dc965"
  dependencies:
    co "^4.6.0"
    fast-deep-equal "^1.0.0"
    fast-json-stable-stringify "^2.0.0"
    json-schema-traverse "^0.3.0"

ansi-regex@^2.0.0:
  version "2.1.1"
  resolved "https://registry.yarnpkg.com/ansi-regex/-/ansi-regex-2.1.1.tgz#c3b33ab5ee360d86e0e628f0468ae7ef27d654df"

array-flatten@1.1.1:
  version "1.1.1"
  resolved "https://registry.yarnpkg.com/array-flatten/-/array-flatten-1.1.1.tgz#9a5f699051b1e7073328f2a008968b64ea2955d2"

asap@^2.0.0:
  version "2.0.6"
  resolved "https://registry.yarnpkg.com/asap/-/asap-2.0.6.tgz#e50347611d7e690943208bbdafebcbc2fb866d46"

asn1@~0.2.3:
  version "0.2.3"
  resolved "https://registry.yarnpkg.com/asn1/-/asn1-0.2.3.tgz#dac8787713c9966849fc8180777ebe9c1ddf3b86"

assert-plus@1.0.0, assert-plus@^1.0.0:
  version "1.0.0"
  resolved "https://registry.yarnpkg.com/assert-plus/-/assert-plus-1.0.0.tgz#f12e0f3c5d77b0b1cdd9146942e4e96c1e4dd525"

asynckit@^0.4.0:
  version "0.4.0"
  resolved "https://registry.yarnpkg.com/asynckit/-/asynckit-0.4.0.tgz#c79ed97f7f34cb8f2ba1bc9790bcc366474b4b79"

aws-sign2@~0.7.0:
  version "0.7.0"
  resolved "https://registry.yarnpkg.com/aws-sign2/-/aws-sign2-0.7.0.tgz#b46e890934a9591f2d2f6f86d7e6a9f1b3fe76a8"

aws4@^1.6.0:
  version "1.6.0"
  resolved "https://registry.yarnpkg.com/aws4/-/aws4-1.6.0.tgz#83ef5ca860b2b32e4a0deedee8c771b9db57471e"

balanced-match@^1.0.0:
  version "1.0.0"
  resolved "https://registry.yarnpkg.com/balanced-match/-/balanced-match-1.0.0.tgz#89b4d199ab2bee49de164ea02b89ce462d71b767"

base64url@2.0.0, base64url@^2.0.0:
  version "2.0.0"
  resolved "https://registry.yarnpkg.com/base64url/-/base64url-2.0.0.tgz#eac16e03ea1438eff9423d69baa36262ed1f70bb"

bcrypt-pbkdf@^1.0.0:
  version "1.0.1"
  resolved "https://registry.yarnpkg.com/bcrypt-pbkdf/-/bcrypt-pbkdf-1.0.1.tgz#63bc5dcb61331b92bc05fd528953c33462a06f8d"
  dependencies:
    tweetnacl "^0.14.3"

"bignumber.js@git+https://github.com/frozeman/bignumber.js-nolookahead.git":
  version "2.0.7"
  resolved "git+https://github.com/frozeman/bignumber.js-nolookahead.git#57692b3ecfc98bbdd6b3a516cb2353652ea49934"

bn.js@4.11.6:
  version "4.11.6"
  resolved "https://registry.yarnpkg.com/bn.js/-/bn.js-4.11.6.tgz#53344adb14617a13f6e8dd2ce28905d1c0ba3215"

body-parser@1.18.2:
  version "1.18.2"
  resolved "https://registry.yarnpkg.com/body-parser/-/body-parser-1.18.2.tgz#87678a19d84b47d859b83199bd59bce222b10454"
  dependencies:
    bytes "3.0.0"
    content-type "~1.0.4"
    debug "2.6.9"
    depd "~1.1.1"
    http-errors "~1.6.2"
    iconv-lite "0.4.19"
    on-finished "~2.3.0"
    qs "6.5.1"
    raw-body "2.3.2"
    type-is "~1.6.15"

boom@4.x.x:
  version "4.3.1"
  resolved "https://registry.yarnpkg.com/boom/-/boom-4.3.1.tgz#4f8a3005cb4a7e3889f749030fd25b96e01d2e31"
  dependencies:
    hoek "4.x.x"

boom@5.x.x:
  version "5.2.0"
  resolved "https://registry.yarnpkg.com/boom/-/boom-5.2.0.tgz#5dd9da6ee3a5f302077436290cb717d3f4a54e02"
  dependencies:
    hoek "4.x.x"

brace-expansion@^1.1.7:
  version "1.1.11"
  resolved "https://registry.yarnpkg.com/brace-expansion/-/brace-expansion-1.1.11.tgz#3c7fcbf529d87226f3d2f52b966ff5271eb441dd"
  dependencies:
    balanced-match "^1.0.0"
    concat-map "0.0.1"

browser-stdout@1.3.0:
  version "1.3.0"
  resolved "https://registry.yarnpkg.com/browser-stdout/-/browser-stdout-1.3.0.tgz#f351d32969d32fa5d7a5567154263d928ae3bd1f"

buffer-equal-constant-time@1.0.1:
  version "1.0.1"
  resolved "https://registry.yarnpkg.com/buffer-equal-constant-time/-/buffer-equal-constant-time-1.0.1.tgz#f8e71132f7ffe6e01a5c9697a4c6f3e48d5cc819"

builtin-modules@^1.0.0:
  version "1.1.1"
  resolved "https://registry.yarnpkg.com/builtin-modules/-/builtin-modules-1.1.1.tgz#270f076c5a72c02f5b65a47df94c5fe3a278892f"

bytes@3.0.0:
  version "3.0.0"
  resolved "https://registry.yarnpkg.com/bytes/-/bytes-3.0.0.tgz#d32815404d689699f85a4ea4fa8755dd13a96048"

camelcase@^3.0.0:
  version "3.0.0"
  resolved "https://registry.yarnpkg.com/camelcase/-/camelcase-3.0.0.tgz#32fc4b9fcdaf845fcdf7e73bb97cac2261f0ab0a"

caseless@~0.12.0:
  version "0.12.0"
  resolved "https://registry.yarnpkg.com/caseless/-/caseless-0.12.0.tgz#1b681c21ff84033c826543090689420d187151dc"

cliui@^3.2.0:
  version "3.2.0"
  resolved "https://registry.yarnpkg.com/cliui/-/cliui-3.2.0.tgz#120601537a916d29940f934da3b48d585a39213d"
  dependencies:
    string-width "^1.0.1"
    strip-ansi "^3.0.1"
    wrap-ansi "^2.0.0"

co@^4.6.0:
  version "4.6.0"
  resolved "https://registry.yarnpkg.com/co/-/co-4.6.0.tgz#6ea6bdf3d853ae54ccb8e47bfa0bf3f9031fb184"

code-point-at@^1.0.0:
  version "1.1.0"
  resolved "https://registry.yarnpkg.com/code-point-at/-/code-point-at-1.1.0.tgz#0d070b4d043a5bea33a2f1a40e2edb3d9a4ccf77"

combined-stream@1.0.6, combined-stream@~1.0.5:
  version "1.0.6"
  resolved "https://registry.yarnpkg.com/combined-stream/-/combined-stream-1.0.6.tgz#723e7df6e801ac5613113a7e445a9b69cb632818"
  dependencies:
    delayed-stream "~1.0.0"

commander@2.9.0:
  version "2.9.0"
  resolved "https://registry.yarnpkg.com/commander/-/commander-2.9.0.tgz#9c99094176e12240cb22d6c5146098400fe0f7d4"
  dependencies:
    graceful-readlink ">= 1.0.0"

concat-map@0.0.1:
  version "0.0.1"
  resolved "https://registry.yarnpkg.com/concat-map/-/concat-map-0.0.1.tgz#d8a96bd77fd68df7793a73036a3ba0d5405d477b"

content-disposition@0.5.2:
  version "0.5.2"
  resolved "https://registry.yarnpkg.com/content-disposition/-/content-disposition-0.5.2.tgz#0cf68bb9ddf5f2be7961c3a85178cb85dba78cb4"

content-type@~1.0.4:
  version "1.0.4"
  resolved "https://registry.yarnpkg.com/content-type/-/content-type-1.0.4.tgz#e138cc75e040c727b1966fe5e5f8c9aee256fe3b"

cookie-signature@1.0.6:
  version "1.0.6"
  resolved "https://registry.yarnpkg.com/cookie-signature/-/cookie-signature-1.0.6.tgz#e303a882b342cc3ee8ca513a79999734dab3ae2c"

cookie@0.3.1:
  version "0.3.1"
  resolved "https://registry.yarnpkg.com/cookie/-/cookie-0.3.1.tgz#e7e0a1f9ef43b4c8ba925c5c5a96e806d16873bb"

core-util-is@1.0.2:
  version "1.0.2"
  resolved "https://registry.yarnpkg.com/core-util-is/-/core-util-is-1.0.2.tgz#b5fd54220aa2bc5ab57aab7140c940754503c1a7"

cryptiles@3.x.x:
  version "3.1.2"
  resolved "https://registry.yarnpkg.com/cryptiles/-/cryptiles-3.1.2.tgz#a89fbb220f5ce25ec56e8c4aa8a4fd7b5b0d29fe"
  dependencies:
    boom "5.x.x"

crypto-js@^3.1.4:
  version "3.1.8"
  resolved "https://registry.yarnpkg.com/crypto-js/-/crypto-js-3.1.8.tgz#715f070bf6014f2ae992a98b3929258b713f08d5"

crypto-js@^3.1.9-1:
  version "3.1.9-1"
  resolved "https://registry.yarnpkg.com/crypto-js/-/crypto-js-3.1.9-1.tgz#fda19e761fc077e01ffbfdc6e9fdfc59e8806cd8"

dashdash@^1.12.0:
  version "1.14.1"
  resolved "https://registry.yarnpkg.com/dashdash/-/dashdash-1.14.1.tgz#853cfa0f7cbe2fed5de20326b8dd581035f6e2f0"
  dependencies:
    assert-plus "^1.0.0"

debug@2.6.8:
  version "2.6.8"
  resolved "https://registry.yarnpkg.com/debug/-/debug-2.6.8.tgz#e731531ca2ede27d188222427da17821d68ff4fc"
  dependencies:
    ms "2.0.0"

debug@2.6.9:
  version "2.6.9"
  resolved "https://registry.yarnpkg.com/debug/-/debug-2.6.9.tgz#5d128515df134ff327e90a4c93f4e077a536341f"
  dependencies:
    ms "2.0.0"

decamelize@^1.1.1:
  version "1.2.0"
  resolved "https://registry.yarnpkg.com/decamelize/-/decamelize-1.2.0.tgz#f6534d15148269b20352e7bee26f501f9a191290"

delayed-stream@~1.0.0:
  version "1.0.0"
  resolved "https://registry.yarnpkg.com/delayed-stream/-/delayed-stream-1.0.0.tgz#df3ae199acadfb7d440aaae0b29e2272b24ec619"

depd@1.1.1:
  version "1.1.1"
  resolved "https://registry.yarnpkg.com/depd/-/depd-1.1.1.tgz#5783b4e1c459f06fa5ca27f991f3d06e7a310359"

depd@~1.1.1:
  version "1.1.2"
  resolved "https://registry.yarnpkg.com/depd/-/depd-1.1.2.tgz#9bcd52e14c097763e749b274c4346ed2e560b5a9"

deprecate@1.0.0:
  version "1.0.0"
  resolved "https://registry.yarnpkg.com/deprecate/-/deprecate-1.0.0.tgz#661490ed2428916a6c8883d8834e5646f4e4a4a8"

destroy@~1.0.4:
  version "1.0.4"
  resolved "https://registry.yarnpkg.com/destroy/-/destroy-1.0.4.tgz#978857442c44749e4206613e37946205826abd80"

diff@3.2.0:
  version "3.2.0"
  resolved "https://registry.yarnpkg.com/diff/-/diff-3.2.0.tgz#c9ce393a4b7cbd0b058a725c93df299027868ff9"

ecc-jsbn@~0.1.1:
  version "0.1.1"
  resolved "https://registry.yarnpkg.com/ecc-jsbn/-/ecc-jsbn-0.1.1.tgz#0fc73a9ed5f0d53c38193398523ef7e543777505"
  dependencies:
    jsbn "~0.1.0"

ecdsa-sig-formatter@1.0.9:
  version "1.0.9"
  resolved "https://registry.yarnpkg.com/ecdsa-sig-formatter/-/ecdsa-sig-formatter-1.0.9.tgz#4bc926274ec3b5abb5016e7e1d60921ac262b2a1"
  dependencies:
    base64url "^2.0.0"
    safe-buffer "^5.0.1"

ee-first@1.1.1:
  version "1.1.1"
  resolved "https://registry.yarnpkg.com/ee-first/-/ee-first-1.1.1.tgz#590c61156b0ae2f4f0255732a158b266bc56b21d"

encodeurl@~1.0.1:
  version "1.0.2"
  resolved "https://registry.yarnpkg.com/encodeurl/-/encodeurl-1.0.2.tgz#ad3ff4c86ec2d029322f5a02c3a9a606c95b3f59"

error-ex@^1.2.0:
  version "1.3.1"
  resolved "https://registry.yarnpkg.com/error-ex/-/error-ex-1.3.1.tgz#f855a86ce61adc4e8621c3cda21e7a7612c3a8dc"
  dependencies:
    is-arrayish "^0.2.1"

escape-html@~1.0.3:
  version "1.0.3"
  resolved "https://registry.yarnpkg.com/escape-html/-/escape-html-1.0.3.tgz#0258eae4d3d0c0974de1c169188ef0051d1d1988"

escape-string-regexp@1.0.5:
  version "1.0.5"
  resolved "https://registry.yarnpkg.com/escape-string-regexp/-/escape-string-regexp-1.0.5.tgz#1b61c0562190a8dff6ae3bb2cf0200ca130b86d4"

etag@~1.8.1:
  version "1.8.1"
  resolved "https://registry.yarnpkg.com/etag/-/etag-1.8.1.tgz#41ae2eeb65efa62268aebfea83ac7d79299b0887"

ethjs-abi@0.1.8:
  version "0.1.8"
  resolved "https://registry.yarnpkg.com/ethjs-abi/-/ethjs-abi-0.1.8.tgz#cd288583ed628cdfadaf8adefa3ba1dbcbca6c18"
  dependencies:
    bn.js "4.11.6"
    js-sha3 "0.5.5"
    number-to-bn "1.7.0"

express@^4.16.2:
  version "4.16.2"
  resolved "https://registry.yarnpkg.com/express/-/express-4.16.2.tgz#e35c6dfe2d64b7dca0a5cd4f21781be3299e076c"
  dependencies:
    accepts "~1.3.4"
    array-flatten "1.1.1"
    body-parser "1.18.2"
    content-disposition "0.5.2"
    content-type "~1.0.4"
    cookie "0.3.1"
    cookie-signature "1.0.6"
    debug "2.6.9"
    depd "~1.1.1"
    encodeurl "~1.0.1"
    escape-html "~1.0.3"
    etag "~1.8.1"
    finalhandler "1.1.0"
    fresh "0.5.2"
    merge-descriptors "1.0.1"
    methods "~1.1.2"
    on-finished "~2.3.0"
    parseurl "~1.3.2"
    path-to-regexp "0.1.7"
    proxy-addr "~2.0.2"
    qs "6.5.1"
    range-parser "~1.2.0"
    safe-buffer "5.1.1"
    send "0.16.1"
    serve-static "1.13.1"
    setprototypeof "1.1.0"
    statuses "~1.3.1"
    type-is "~1.6.15"
    utils-merge "1.0.1"
    vary "~1.1.2"

extend@~3.0.1:
  version "3.0.1"
  resolved "https://registry.yarnpkg.com/extend/-/extend-3.0.1.tgz#a755ea7bc1adfcc5a31ce7e762dbaadc5e636444"

extsprintf@1.3.0:
  version "1.3.0"
  resolved "https://registry.yarnpkg.com/extsprintf/-/extsprintf-1.3.0.tgz#96918440e3041a7a414f8c52e3c574eb3c3e1e05"

extsprintf@^1.2.0:
  version "1.4.0"
  resolved "https://registry.yarnpkg.com/extsprintf/-/extsprintf-1.4.0.tgz#e2689f8f356fad62cca65a3a91c5df5f9551692f"

fast-deep-equal@^1.0.0:
  version "1.0.0"
  resolved "https://registry.yarnpkg.com/fast-deep-equal/-/fast-deep-equal-1.0.0.tgz#96256a3bc975595eb36d82e9929d060d893439ff"

fast-json-stable-stringify@^2.0.0:
  version "2.0.0"
  resolved "https://registry.yarnpkg.com/fast-json-stable-stringify/-/fast-json-stable-stringify-2.0.0.tgz#d5142c0caee6b1189f87d3a76111064f86c8bbf2"

finalhandler@1.1.0:
  version "1.1.0"
  resolved "https://registry.yarnpkg.com/finalhandler/-/finalhandler-1.1.0.tgz#ce0b6855b45853e791b2fcc680046d88253dd7f5"
  dependencies:
    debug "2.6.9"
    encodeurl "~1.0.1"
    escape-html "~1.0.3"
    on-finished "~2.3.0"
    parseurl "~1.3.2"
    statuses "~1.3.1"
    unpipe "~1.0.0"

find-up@^1.0.0:
  version "1.1.2"
  resolved "https://registry.yarnpkg.com/find-up/-/find-up-1.1.2.tgz#6b2e9822b1a2ce0a60ab64d610eccad53cb24d0f"
  dependencies:
    path-exists "^2.0.0"
    pinkie-promise "^2.0.0"

forever-agent@~0.6.1:
  version "0.6.1"
  resolved "https://registry.yarnpkg.com/forever-agent/-/forever-agent-0.6.1.tgz#fbc71f0c41adeb37f96c577ad1ed42d8fdacca91"

form-data@~2.3.1:
  version "2.3.2"
  resolved "https://registry.yarnpkg.com/form-data/-/form-data-2.3.2.tgz#4970498be604c20c005d4f5c23aecd21d6b49099"
  dependencies:
    asynckit "^0.4.0"
    combined-stream "1.0.6"
    mime-types "^2.1.12"

forwarded@~0.1.2:
  version "0.1.2"
  resolved "https://registry.yarnpkg.com/forwarded/-/forwarded-0.1.2.tgz#98c23dab1175657b8c0573e8ceccd91b0ff18c84"

fresh@0.5.2:
  version "0.5.2"
  resolved "https://registry.yarnpkg.com/fresh/-/fresh-0.5.2.tgz#3d8cadd90d976569fa835ab1f8e4b23a105605a7"

fs-extra@^0.30.0:
  version "0.30.0"
  resolved "https://registry.yarnpkg.com/fs-extra/-/fs-extra-0.30.0.tgz#f233ffcc08d4da7d432daa449776989db1df93f0"
  dependencies:
    graceful-fs "^4.1.2"
    jsonfile "^2.1.0"
    klaw "^1.0.0"
    path-is-absolute "^1.0.0"
    rimraf "^2.2.8"

fs.realpath@^1.0.0:
  version "1.0.0"
  resolved "https://registry.yarnpkg.com/fs.realpath/-/fs.realpath-1.0.0.tgz#1504ad2523158caa40db4a2787cb01411994ea4f"

get-caller-file@^1.0.1:
  version "1.0.2"
  resolved "https://registry.yarnpkg.com/get-caller-file/-/get-caller-file-1.0.2.tgz#f702e63127e7e231c160a80c1554acb70d5047e5"

getpass@^0.1.1:
  version "0.1.7"
  resolved "https://registry.yarnpkg.com/getpass/-/getpass-0.1.7.tgz#5eff8e3e684d569ae4cb2b1282604e8ba62149fa"
  dependencies:
    assert-plus "^1.0.0"

glob@7.1.1:
  version "7.1.1"
  resolved "https://registry.yarnpkg.com/glob/-/glob-7.1.1.tgz#805211df04faaf1c63a3600306cdf5ade50b2ec8"
  dependencies:
    fs.realpath "^1.0.0"
    inflight "^1.0.4"
    inherits "2"
    minimatch "^3.0.2"
    once "^1.3.0"
    path-is-absolute "^1.0.0"

glob@^7.0.5:
  version "7.1.2"
  resolved "https://registry.yarnpkg.com/glob/-/glob-7.1.2.tgz#c19c9df9a028702d678612384a6552404c636d15"
  dependencies:
    fs.realpath "^1.0.0"
    inflight "^1.0.4"
    inherits "2"
    minimatch "^3.0.4"
    once "^1.3.0"
    path-is-absolute "^1.0.0"

graceful-fs@^4.1.2, graceful-fs@^4.1.6, graceful-fs@^4.1.9:
  version "4.1.11"
  resolved "https://registry.yarnpkg.com/graceful-fs/-/graceful-fs-4.1.11.tgz#0e8bdfe4d1ddb8854d64e04ea7c00e2a026e5658"

"graceful-readlink@>= 1.0.0":
  version "1.0.1"
  resolved "https://registry.yarnpkg.com/graceful-readlink/-/graceful-readlink-1.0.1.tgz#4cafad76bc62f02fa039b2f94e9a3dd3a391a725"

growl@1.9.2:
  version "1.9.2"
  resolved "https://registry.yarnpkg.com/growl/-/growl-1.9.2.tgz#0ea7743715db8d8de2c5ede1775e1b45ac85c02f"

har-schema@^2.0.0:
  version "2.0.0"
  resolved "https://registry.yarnpkg.com/har-schema/-/har-schema-2.0.0.tgz#a94c2224ebcac04782a0d9035521f24735b7ec92"

har-validator@~5.0.3:
  version "5.0.3"
  resolved "https://registry.yarnpkg.com/har-validator/-/har-validator-5.0.3.tgz#ba402c266194f15956ef15e0fcf242993f6a7dfd"
  dependencies:
    ajv "^5.1.0"
    har-schema "^2.0.0"

has-flag@^1.0.0:
  version "1.0.0"
  resolved "https://registry.yarnpkg.com/has-flag/-/has-flag-1.0.0.tgz#9d9e793165ce017a00f00418c43f942a7b1d11fa"

hawk@~6.0.2:
  version "6.0.2"
  resolved "https://registry.yarnpkg.com/hawk/-/hawk-6.0.2.tgz#af4d914eb065f9b5ce4d9d11c1cb2126eecc3038"
  dependencies:
    boom "4.x.x"
    cryptiles "3.x.x"
    hoek "4.x.x"
    sntp "2.x.x"

he@1.1.1:
  version "1.1.1"
  resolved "https://registry.yarnpkg.com/he/-/he-1.1.1.tgz#93410fd21b009735151f8868c2f271f3427e23fd"

hoek@4.x.x:
  version "4.2.1"
  resolved "https://registry.yarnpkg.com/hoek/-/hoek-4.2.1.tgz#9634502aa12c445dd5a7c5734b572bb8738aacbb"

hosted-git-info@^2.1.4:
  version "2.6.0"
  resolved "https://registry.yarnpkg.com/hosted-git-info/-/hosted-git-info-2.6.0.tgz#23235b29ab230c576aab0d4f13fc046b0b038222"

http-errors@1.6.2, http-errors@~1.6.2:
  version "1.6.2"
  resolved "https://registry.yarnpkg.com/http-errors/-/http-errors-1.6.2.tgz#0a002cc85707192a7e7946ceedc11155f60ec736"
  dependencies:
    depd "1.1.1"
    inherits "2.0.3"
    setprototypeof "1.0.3"
    statuses ">= 1.3.1 < 2"

http-signature@~1.2.0:
  version "1.2.0"
  resolved "https://registry.yarnpkg.com/http-signature/-/http-signature-1.2.0.tgz#9aecd925114772f3d95b65a60abb8f7c18fbace1"
  dependencies:
    assert-plus "^1.0.0"
    jsprim "^1.2.2"
    sshpk "^1.7.0"

iconv-lite@0.4.19:
  version "0.4.19"
  resolved "https://registry.yarnpkg.com/iconv-lite/-/iconv-lite-0.4.19.tgz#f7468f60135f5e5dad3399c0a81be9a1603a082b"

inflight@^1.0.4:
  version "1.0.6"
  resolved "https://registry.yarnpkg.com/inflight/-/inflight-1.0.6.tgz#49bd6331d7d02d0c09bc910a1075ba8165b56df9"
  dependencies:
    once "^1.3.0"
    wrappy "1"

inherits@2, inherits@2.0.3:
  version "2.0.3"
  resolved "https://registry.yarnpkg.com/inherits/-/inherits-2.0.3.tgz#633c2c83e3da42a502f52466022480f4208261de"

invert-kv@^1.0.0:
  version "1.0.0"
  resolved "https://registry.yarnpkg.com/invert-kv/-/invert-kv-1.0.0.tgz#104a8e4aaca6d3d8cd157a8ef8bfab2d7a3ffdb6"

ipaddr.js@1.6.0:
  version "1.6.0"
  resolved "https://registry.yarnpkg.com/ipaddr.js/-/ipaddr.js-1.6.0.tgz#e3fa357b773da619f26e95f049d055c72796f86b"

is-arrayish@^0.2.1:
  version "0.2.1"
  resolved "https://registry.yarnpkg.com/is-arrayish/-/is-arrayish-0.2.1.tgz#77c99840527aa8ecb1a8ba697b80645a7a926a9d"

is-builtin-module@^1.0.0:
  version "1.0.0"
  resolved "https://registry.yarnpkg.com/is-builtin-module/-/is-builtin-module-1.0.0.tgz#540572d34f7ac3119f8f76c30cbc1b1e037affbe"
  dependencies:
    builtin-modules "^1.0.0"

is-fullwidth-code-point@^1.0.0:
  version "1.0.0"
  resolved "https://registry.yarnpkg.com/is-fullwidth-code-point/-/is-fullwidth-code-point-1.0.0.tgz#ef9e31386f031a7f0d643af82fde50c457ef00cb"
  dependencies:
    number-is-nan "^1.0.0"

is-hex-prefixed@1.0.0:
  version "1.0.0"
  resolved "https://registry.yarnpkg.com/is-hex-prefixed/-/is-hex-prefixed-1.0.0.tgz#7d8d37e6ad77e5d127148913c573e082d777f554"

is-typedarray@~1.0.0:
  version "1.0.0"
  resolved "https://registry.yarnpkg.com/is-typedarray/-/is-typedarray-1.0.0.tgz#e479c80858df0c1b11ddda6940f96011fcda4a9a"

is-utf8@^0.2.0:
  version "0.2.1"
  resolved "https://registry.yarnpkg.com/is-utf8/-/is-utf8-0.2.1.tgz#4b0da1442104d1b336340e80797e865cf39f7d72"

isstream@~0.1.2:
  version "0.1.2"
  resolved "https://registry.yarnpkg.com/isstream/-/isstream-0.1.2.tgz#47e63f7af55afa6f92e1500e690eb8b8529c099a"

js-sha3@0.5.5:
  version "0.5.5"
  resolved "https://registry.yarnpkg.com/js-sha3/-/js-sha3-0.5.5.tgz#baf0c0e8c54ad5903447df96ade7a4a1bca79a4a"

jsbn@~0.1.0:
  version "0.1.1"
  resolved "https://registry.yarnpkg.com/jsbn/-/jsbn-0.1.1.tgz#a5e654c2e5a2deb5f201d96cefbca80c0ef2f513"

json-schema-traverse@^0.3.0:
  version "0.3.1"
  resolved "https://registry.yarnpkg.com/json-schema-traverse/-/json-schema-traverse-0.3.1.tgz#349a6d44c53a51de89b40805c5d5e59b417d3340"

json-schema@0.2.3:
  version "0.2.3"
  resolved "https://registry.yarnpkg.com/json-schema/-/json-schema-0.2.3.tgz#b480c892e59a2f05954ce727bd3f2a4e882f9e13"

json-stringify-safe@~5.0.1:
  version "5.0.1"
  resolved "https://registry.yarnpkg.com/json-stringify-safe/-/json-stringify-safe-5.0.1.tgz#1296a2d58fd45f19a0f6ce01d65701e2c735b6eb"

json3@3.3.2:
  version "3.3.2"
  resolved "https://registry.yarnpkg.com/json3/-/json3-3.3.2.tgz#3c0434743df93e2f5c42aee7b19bcb483575f4e1"

jsonfile@^2.1.0:
  version "2.4.0"
  resolved "https://registry.yarnpkg.com/jsonfile/-/jsonfile-2.4.0.tgz#3736a2b428b87bbda0cc83b53fa3d633a35c2ae8"
  optionalDependencies:
    graceful-fs "^4.1.6"

jsonwebtoken@^8.1.0:
  version "8.1.1"
  resolved "https://registry.yarnpkg.com/jsonwebtoken/-/jsonwebtoken-8.1.1.tgz#b04d8bb2ad847bc93238c3c92170ffdbdd1cb2ea"
  dependencies:
    jws "^3.1.4"
    lodash.includes "^4.3.0"
    lodash.isboolean "^3.0.3"
    lodash.isinteger "^4.0.4"
    lodash.isnumber "^3.0.3"
    lodash.isplainobject "^4.0.6"
    lodash.isstring "^4.0.1"
    lodash.once "^4.0.0"
    ms "^2.1.1"
    xtend "^4.0.1"

jsprim@^1.2.2:
  version "1.4.1"
  resolved "https://registry.yarnpkg.com/jsprim/-/jsprim-1.4.1.tgz#313e66bc1e5cc06e438bc1b7499c2e5c56acb6a2"
  dependencies:
    assert-plus "1.0.0"
    extsprintf "1.3.0"
    json-schema "0.2.3"
    verror "1.10.0"

jwa@^1.1.4:
  version "1.1.5"
  resolved "https://registry.yarnpkg.com/jwa/-/jwa-1.1.5.tgz#a0552ce0220742cd52e153774a32905c30e756e5"
  dependencies:
    base64url "2.0.0"
    buffer-equal-constant-time "1.0.1"
    ecdsa-sig-formatter "1.0.9"
    safe-buffer "^5.0.1"

jws@^3.1.4:
  version "3.1.4"
  resolved "https://registry.yarnpkg.com/jws/-/jws-3.1.4.tgz#f9e8b9338e8a847277d6444b1464f61880e050a2"
  dependencies:
    base64url "^2.0.0"
    jwa "^1.1.4"
    safe-buffer "^5.0.1"

klaw@^1.0.0:
  version "1.3.1"
  resolved "https://registry.yarnpkg.com/klaw/-/klaw-1.3.1.tgz#4088433b46b3b1ba259d78785d8e96f73ba02439"
  optionalDependencies:
    graceful-fs "^4.1.9"

lcid@^1.0.0:
  version "1.0.0"
  resolved "https://registry.yarnpkg.com/lcid/-/lcid-1.0.0.tgz#308accafa0bc483a3867b4b6f2b9506251d1b835"
  dependencies:
    invert-kv "^1.0.0"

load-json-file@^1.0.0:
  version "1.1.0"
  resolved "https://registry.yarnpkg.com/load-json-file/-/load-json-file-1.1.0.tgz#956905708d58b4bab4c2261b04f59f31c99374c0"
  dependencies:
    graceful-fs "^4.1.2"
    parse-json "^2.2.0"
    pify "^2.0.0"
    pinkie-promise "^2.0.0"
    strip-bom "^2.0.0"

lodash._baseassign@^3.0.0:
  version "3.2.0"
  resolved "https://registry.yarnpkg.com/lodash._baseassign/-/lodash._baseassign-3.2.0.tgz#8c38a099500f215ad09e59f1722fd0c52bfe0a4e"
  dependencies:
    lodash._basecopy "^3.0.0"
    lodash.keys "^3.0.0"

lodash._basecopy@^3.0.0:
  version "3.0.1"
  resolved "https://registry.yarnpkg.com/lodash._basecopy/-/lodash._basecopy-3.0.1.tgz#8da0e6a876cf344c0ad8a54882111dd3c5c7ca36"

lodash._basecreate@^3.0.0:
  version "3.0.3"
  resolved "https://registry.yarnpkg.com/lodash._basecreate/-/lodash._basecreate-3.0.3.tgz#1bc661614daa7fc311b7d03bf16806a0213cf821"

lodash._getnative@^3.0.0:
  version "3.9.1"
  resolved "https://registry.yarnpkg.com/lodash._getnative/-/lodash._getnative-3.9.1.tgz#570bc7dede46d61cdcde687d65d3eecbaa3aaff5"

lodash._isiterateecall@^3.0.0:
  version "3.0.9"
  resolved "https://registry.yarnpkg.com/lodash._isiterateecall/-/lodash._isiterateecall-3.0.9.tgz#5203ad7ba425fae842460e696db9cf3e6aac057c"

lodash.assign@^4.0.3, lodash.assign@^4.0.6:
  version "4.2.0"
  resolved "https://registry.yarnpkg.com/lodash.assign/-/lodash.assign-4.2.0.tgz#0d99f3ccd7a6d261d19bdaeb9245005d285808e7"

lodash.create@3.1.1:
  version "3.1.1"
  resolved "https://registry.yarnpkg.com/lodash.create/-/lodash.create-3.1.1.tgz#d7f2849f0dbda7e04682bb8cd72ab022461debe7"
  dependencies:
    lodash._baseassign "^3.0.0"
    lodash._basecreate "^3.0.0"
    lodash._isiterateecall "^3.0.0"

lodash.includes@^4.3.0:
  version "4.3.0"
  resolved "https://registry.yarnpkg.com/lodash.includes/-/lodash.includes-4.3.0.tgz#60bb98a87cb923c68ca1e51325483314849f553f"

lodash.isarguments@^3.0.0:
  version "3.1.0"
  resolved "https://registry.yarnpkg.com/lodash.isarguments/-/lodash.isarguments-3.1.0.tgz#2f573d85c6a24289ff00663b491c1d338ff3458a"

lodash.isarray@^3.0.0:
  version "3.0.4"
  resolved "https://registry.yarnpkg.com/lodash.isarray/-/lodash.isarray-3.0.4.tgz#79e4eb88c36a8122af86f844aa9bcd851b5fbb55"

lodash.isboolean@^3.0.3:
  version "3.0.3"
  resolved "https://registry.yarnpkg.com/lodash.isboolean/-/lodash.isboolean-3.0.3.tgz#6c2e171db2a257cd96802fd43b01b20d5f5870f6"

lodash.isinteger@^4.0.4:
  version "4.0.4"
  resolved "https://registry.yarnpkg.com/lodash.isinteger/-/lodash.isinteger-4.0.4.tgz#619c0af3d03f8b04c31f5882840b77b11cd68343"

lodash.isnumber@^3.0.3:
  version "3.0.3"
  resolved "https://registry.yarnpkg.com/lodash.isnumber/-/lodash.isnumber-3.0.3.tgz#3ce76810c5928d03352301ac287317f11c0b1ffc"

lodash.isplainobject@^4.0.6:
  version "4.0.6"
  resolved "https://registry.yarnpkg.com/lodash.isplainobject/-/lodash.isplainobject-4.0.6.tgz#7c526a52d89b45c45cc690b88163be0497f550cb"

lodash.isstring@^4.0.1:
  version "4.0.1"
  resolved "https://registry.yarnpkg.com/lodash.isstring/-/lodash.isstring-4.0.1.tgz#d527dfb5456eca7cc9bb95d5daeaf88ba54a5451"

lodash.keys@^3.0.0:
  version "3.1.2"
  resolved "https://registry.yarnpkg.com/lodash.keys/-/lodash.keys-3.1.2.tgz#4dbc0472b156be50a0b286855d1bd0b0c656098a"
  dependencies:
    lodash._getnative "^3.0.0"
    lodash.isarguments "^3.0.0"
    lodash.isarray "^3.0.0"

lodash.once@^4.0.0:
  version "4.1.1"
  resolved "https://registry.yarnpkg.com/lodash.once/-/lodash.once-4.1.1.tgz#0dd3971213c7c56df880977d504c88fb471a97ac"

lodash@4.0.0:
  version "4.0.0"
  resolved "https://registry.yarnpkg.com/lodash/-/lodash-4.0.0.tgz#9ac43844c595e28d30108b7ba583703395922dfc"

media-typer@0.3.0:
  version "0.3.0"
  resolved "https://registry.yarnpkg.com/media-typer/-/media-typer-0.3.0.tgz#8710d7af0aa626f8fffa1ce00168545263255748"

memorystream@^0.3.1:
  version "0.3.1"
  resolved "https://registry.yarnpkg.com/memorystream/-/memorystream-0.3.1.tgz#86d7090b30ce455d63fbae12dda51a47ddcaf9b2"

merge-descriptors@1.0.1:
  version "1.0.1"
  resolved "https://registry.yarnpkg.com/merge-descriptors/-/merge-descriptors-1.0.1.tgz#b00aaa556dd8b44568150ec9d1b953f3f90cbb61"

methods@~1.1.2:
  version "1.1.2"
  resolved "https://registry.yarnpkg.com/methods/-/methods-1.1.2.tgz#5529a4d67654134edcc5266656835b0f851afcee"

mime-db@~1.33.0:
  version "1.33.0"
  resolved "https://registry.yarnpkg.com/mime-db/-/mime-db-1.33.0.tgz#a3492050a5cb9b63450541e39d9788d2272783db"

mime-types@^2.1.12, mime-types@~2.1.16, mime-types@~2.1.17, mime-types@~2.1.18:
  version "2.1.18"
  resolved "https://registry.yarnpkg.com/mime-types/-/mime-types-2.1.18.tgz#6f323f60a83d11146f831ff11fd66e2fe5503bb8"
  dependencies:
    mime-db "~1.33.0"

mime@1.4.1:
  version "1.4.1"
  resolved "https://registry.yarnpkg.com/mime/-/mime-1.4.1.tgz#121f9ebc49e3766f311a76e1fa1c8003c4b03aa6"

minimatch@^3.0.2, minimatch@^3.0.4:
  version "3.0.4"
  resolved "https://registry.yarnpkg.com/minimatch/-/minimatch-3.0.4.tgz#5166e286457f03306064be5497e8dbb0c3d32083"
  dependencies:
    brace-expansion "^1.1.7"

minimist@0.0.8:
  version "0.0.8"
  resolved "https://registry.yarnpkg.com/minimist/-/minimist-0.0.8.tgz#857fcabfc3397d2625b8228262e86aa7a011b05d"

mkdirp@0.5.1:
  version "0.5.1"
  resolved "https://registry.yarnpkg.com/mkdirp/-/mkdirp-0.5.1.tgz#30057438eac6cf7f8c4767f38648d6697d75c903"
  dependencies:
    minimist "0.0.8"

mocha@^3.4.2:
  version "3.5.3"
  resolved "https://registry.yarnpkg.com/mocha/-/mocha-3.5.3.tgz#1e0480fe36d2da5858d1eb6acc38418b26eaa20d"
  dependencies:
    browser-stdout "1.3.0"
    commander "2.9.0"
    debug "2.6.8"
    diff "3.2.0"
    escape-string-regexp "1.0.5"
    glob "7.1.1"
    growl "1.9.2"
    he "1.1.1"
    json3 "3.3.2"
    lodash.create "3.1.1"
    mkdirp "0.5.1"
    supports-color "3.1.2"

moment@2.19.3:
  version "2.19.3"
  resolved "https://registry.yarnpkg.com/moment/-/moment-2.19.3.tgz#bdb99d270d6d7fda78cc0fbace855e27fe7da69f"

ms@2.0.0:
  version "2.0.0"
  resolved "https://registry.yarnpkg.com/ms/-/ms-2.0.0.tgz#5608aeadfc00be6c2901df5f9861788de0d597c8"

ms@^2.1.1:
  version "2.1.1"
  resolved "https://registry.yarnpkg.com/ms/-/ms-2.1.1.tgz#30a5864eb3ebb0a66f2ebe6d727af06a09d86e0a"

negotiator@0.6.1:
  version "0.6.1"
  resolved "https://registry.yarnpkg.com/negotiator/-/negotiator-0.6.1.tgz#2b327184e8992101177b28563fb5e7102acd0ca9"

normalize-package-data@^2.3.2:
  version "2.4.0"
  resolved "https://registry.yarnpkg.com/normalize-package-data/-/normalize-package-data-2.4.0.tgz#12f95a307d58352075a04907b84ac8be98ac012f"
  dependencies:
    hosted-git-info "^2.1.4"
    is-builtin-module "^1.0.0"
    semver "2 || 3 || 4 || 5"
    validate-npm-package-license "^3.0.1"

number-is-nan@^1.0.0:
  version "1.0.1"
  resolved "https://registry.yarnpkg.com/number-is-nan/-/number-is-nan-1.0.1.tgz#097b602b53422a522c1afb8790318336941a011d"

number-to-bn@1.7.0:
  version "1.7.0"
  resolved "https://registry.yarnpkg.com/number-to-bn/-/number-to-bn-1.7.0.tgz#bb3623592f7e5f9e0030b1977bd41a0c53fe1ea0"
  dependencies:
    bn.js "4.11.6"
    strip-hex-prefix "1.0.0"

oauth-sign@~0.8.2:
  version "0.8.2"
  resolved "https://registry.yarnpkg.com/oauth-sign/-/oauth-sign-0.8.2.tgz#46a6ab7f0aead8deae9ec0565780b7d4efeb9d43"

on-finished@~2.3.0:
  version "2.3.0"
  resolved "https://registry.yarnpkg.com/on-finished/-/on-finished-2.3.0.tgz#20f1336481b083cd75337992a16971aa2d906947"
  dependencies:
    ee-first "1.1.1"

once@^1.3.0:
  version "1.4.0"
  resolved "https://registry.yarnpkg.com/once/-/once-1.4.0.tgz#583b1aa775961d4b113ac17d9c50baef9dd76bd1"
  dependencies:
    wrappy "1"

original-require@^1.0.1:
  version "1.0.1"
  resolved "https://registry.yarnpkg.com/original-require/-/original-require-1.0.1.tgz#0f130471584cd33511c5ec38c8d59213f9ac5e20"

os-locale@^1.4.0:
  version "1.4.0"
  resolved "https://registry.yarnpkg.com/os-locale/-/os-locale-1.4.0.tgz#20f9f17ae29ed345e8bde583b13d2009803c14d9"
  dependencies:
    lcid "^1.0.0"

parse-json@^2.2.0:
  version "2.2.0"
  resolved "https://registry.yarnpkg.com/parse-json/-/parse-json-2.2.0.tgz#f480f40434ef80741f8469099f8dea18f55a4dc9"
  dependencies:
    error-ex "^1.2.0"

parseurl@~1.3.2:
  version "1.3.2"
  resolved "https://registry.yarnpkg.com/parseurl/-/parseurl-1.3.2.tgz#fc289d4ed8993119460c156253262cdc8de65bf3"

path-exists@^2.0.0:
  version "2.1.0"
  resolved "https://registry.yarnpkg.com/path-exists/-/path-exists-2.1.0.tgz#0feb6c64f0fc518d9a754dd5efb62c7022761f4b"
  dependencies:
    pinkie-promise "^2.0.0"

path-is-absolute@^1.0.0:
  version "1.0.1"
  resolved "https://registry.yarnpkg.com/path-is-absolute/-/path-is-absolute-1.0.1.tgz#174b9268735534ffbc7ace6bf53a5a9e1b5c5f5f"

path-to-regexp@0.1.7:
  version "0.1.7"
  resolved "https://registry.yarnpkg.com/path-to-regexp/-/path-to-regexp-0.1.7.tgz#df604178005f522f15eb4490e7247a1bfaa67f8c"

path-type@^1.0.0:
  version "1.1.0"
  resolved "https://registry.yarnpkg.com/path-type/-/path-type-1.1.0.tgz#59c44f7ee491da704da415da5a4070ba4f8fe441"
  dependencies:
    graceful-fs "^4.1.2"
    pify "^2.0.0"
    pinkie-promise "^2.0.0"

performance-now@^2.1.0:
  version "2.1.0"
  resolved "https://registry.yarnpkg.com/performance-now/-/performance-now-2.1.0.tgz#6309f4e0e5fa913ec1c69307ae364b4b377c9e7b"

pify@^2.0.0:
  version "2.3.0"
  resolved "https://registry.yarnpkg.com/pify/-/pify-2.3.0.tgz#ed141a6ac043a849ea588498e7dca8b15330e90c"

pinkie-promise@^2.0.0:
  version "2.0.1"
  resolved "https://registry.yarnpkg.com/pinkie-promise/-/pinkie-promise-2.0.1.tgz#2135d6dfa7a358c069ac9b178776288228450ffa"
  dependencies:
    pinkie "^2.0.0"

pinkie@^2.0.0:
  version "2.0.4"
  resolved "https://registry.yarnpkg.com/pinkie/-/pinkie-2.0.4.tgz#72556b80cfa0d48a974e80e77248e80ed4f7f870"

pop-iterate@^1.0.1:
  version "1.0.1"
  resolved "https://registry.yarnpkg.com/pop-iterate/-/pop-iterate-1.0.1.tgz#ceacfdab4abf353d7a0f2aaa2c1fc7b3f9413ba3"

proxy-addr@~2.0.2:
  version "2.0.3"
  resolved "https://registry.yarnpkg.com/proxy-addr/-/proxy-addr-2.0.3.tgz#355f262505a621646b3130a728eb647e22055341"
  dependencies:
    forwarded "~0.1.2"
    ipaddr.js "1.6.0"

punycode@^1.4.1:
  version "1.4.1"
  resolved "https://registry.yarnpkg.com/punycode/-/punycode-1.4.1.tgz#c0d5a63b2718800ad8e1eb0fa5269c84dd41845e"

q@2.0.x:
  version "2.0.3"
  resolved "https://registry.yarnpkg.com/q/-/q-2.0.3.tgz#75b8db0255a1a5af82f58c3f3aaa1efec7d0d134"
  dependencies:
    asap "^2.0.0"
    pop-iterate "^1.0.1"
    weak-map "^1.0.5"

qs@6.5.1, qs@~6.5.1:
  version "6.5.1"
  resolved "https://registry.yarnpkg.com/qs/-/qs-6.5.1.tgz#349cdf6eef89ec45c12d7d5eb3fc0c870343a6d8"

range-parser@~1.2.0:
  version "1.2.0"
  resolved "https://registry.yarnpkg.com/range-parser/-/range-parser-1.2.0.tgz#f49be6b487894ddc40dcc94a322f611092e00d5e"

raw-body@2.3.2:
  version "2.3.2"
  resolved "https://registry.yarnpkg.com/raw-body/-/raw-body-2.3.2.tgz#bcd60c77d3eb93cde0050295c3f379389bc88f89"
  dependencies:
    bytes "3.0.0"
    http-errors "1.6.2"
    iconv-lite "0.4.19"
    unpipe "1.0.0"

read-pkg-up@^1.0.1:
  version "1.0.1"
  resolved "https://registry.yarnpkg.com/read-pkg-up/-/read-pkg-up-1.0.1.tgz#9d63c13276c065918d57f002a57f40a1b643fb02"
  dependencies:
    find-up "^1.0.0"
    read-pkg "^1.0.0"

read-pkg@^1.0.0:
  version "1.1.0"
  resolved "https://registry.yarnpkg.com/read-pkg/-/read-pkg-1.1.0.tgz#f5ffaa5ecd29cb31c0474bca7d756b6bb29e3f28"
  dependencies:
    load-json-file "^1.0.0"
    normalize-package-data "^2.3.2"
    path-type "^1.0.0"

request@2.83.x, request@^2.83.0:
  version "2.83.0"
  resolved "https://registry.yarnpkg.com/request/-/request-2.83.0.tgz#ca0b65da02ed62935887808e6f510381034e3356"
  dependencies:
    aws-sign2 "~0.7.0"
    aws4 "^1.6.0"
    caseless "~0.12.0"
    combined-stream "~1.0.5"
    extend "~3.0.1"
    forever-agent "~0.6.1"
    form-data "~2.3.1"
    har-validator "~5.0.3"
    hawk "~6.0.2"
    http-signature "~1.2.0"
    is-typedarray "~1.0.0"
    isstream "~0.1.2"
    json-stringify-safe "~5.0.1"
    mime-types "~2.1.17"
    oauth-sign "~0.8.2"
    performance-now "^2.1.0"
    qs "~6.5.1"
    safe-buffer "^5.1.1"
    stringstream "~0.0.5"
    tough-cookie "~2.3.3"
    tunnel-agent "^0.6.0"
    uuid "^3.1.0"

require-directory@^2.1.1:
  version "2.1.1"
  resolved "https://registry.yarnpkg.com/require-directory/-/require-directory-2.1.1.tgz#8c64ad5fd30dab1c976e2344ffe7f792a6a6df42"

require-from-string@^1.1.0:
  version "1.2.1"
  resolved "https://registry.yarnpkg.com/require-from-string/-/require-from-string-1.2.1.tgz#529c9ccef27380adfec9a2f965b649bbee636418"

require-main-filename@^1.0.1:
  version "1.0.1"
  resolved "https://registry.yarnpkg.com/require-main-filename/-/require-main-filename-1.0.1.tgz#97f717b69d48784f5f526a6c5aa8ffdda055a4d1"

rimraf@^2.2.8:
  version "2.6.2"
  resolved "https://registry.yarnpkg.com/rimraf/-/rimraf-2.6.2.tgz#2ed8150d24a16ea8651e6d6ef0f47c4158ce7a36"
  dependencies:
    glob "^7.0.5"

rootpath@0.1.2:
  version "0.1.2"
  resolved "https://registry.yarnpkg.com/rootpath/-/rootpath-0.1.2.tgz#5b379a87dca906e9b91d690a599439bef267ea6b"

safe-buffer@5.1.1, safe-buffer@^5.0.1, safe-buffer@^5.1.1:
  version "5.1.1"
  resolved "https://registry.yarnpkg.com/safe-buffer/-/safe-buffer-5.1.1.tgz#893312af69b2123def71f57889001671eeb2c853"

scmp@0.0.3:
  version "0.0.3"
  resolved "https://registry.yarnpkg.com/scmp/-/scmp-0.0.3.tgz#3648df2d7294641e7f78673ffc29681d9bad9073"

"semver@2 || 3 || 4 || 5", semver@^5.3.0:
  version "5.5.0"
  resolved "https://registry.yarnpkg.com/semver/-/semver-5.5.0.tgz#dc4bbc7a6ca9d916dee5d43516f0092b58f7b8ab"

send@0.16.1:
  version "0.16.1"
  resolved "https://registry.yarnpkg.com/send/-/send-0.16.1.tgz#a70e1ca21d1382c11d0d9f6231deb281080d7ab3"
  dependencies:
    debug "2.6.9"
    depd "~1.1.1"
    destroy "~1.0.4"
    encodeurl "~1.0.1"
    escape-html "~1.0.3"
    etag "~1.8.1"
    fresh "0.5.2"
    http-errors "~1.6.2"
    mime "1.4.1"
    ms "2.0.0"
    on-finished "~2.3.0"
    range-parser "~1.2.0"
    statuses "~1.3.1"

serve-static@1.13.1:
  version "1.13.1"
  resolved "https://registry.yarnpkg.com/serve-static/-/serve-static-1.13.1.tgz#4c57d53404a761d8f2e7c1e8a18a47dbf278a719"
  dependencies:
    encodeurl "~1.0.1"
    escape-html "~1.0.3"
    parseurl "~1.3.2"
    send "0.16.1"

set-blocking@^2.0.0:
  version "2.0.0"
  resolved "https://registry.yarnpkg.com/set-blocking/-/set-blocking-2.0.0.tgz#045f9782d011ae9a6803ddd382b24392b3d890f7"

setprototypeof@1.0.3:
  version "1.0.3"
  resolved "https://registry.yarnpkg.com/setprototypeof/-/setprototypeof-1.0.3.tgz#66567e37043eeb4f04d91bd658c0cbefb55b8e04"

setprototypeof@1.1.0:
  version "1.1.0"
  resolved "https://registry.yarnpkg.com/setprototypeof/-/setprototypeof-1.1.0.tgz#d0bd85536887b6fe7c0d818cb962d9d91c54e656"

sntp@2.x.x:
  version "2.1.0"
  resolved "https://registry.yarnpkg.com/sntp/-/sntp-2.1.0.tgz#2c6cec14fedc2222739caf9b5c3d85d1cc5a2cc8"
  dependencies:
    hoek "4.x.x"

solc@0.4.23:
  version "0.4.23"
  resolved "https://registry.yarnpkg.com/solc/-/solc-0.4.23.tgz#54a0ff4015827b32fddb62c0a418b5247310a58e"
  dependencies:
    fs-extra "^0.30.0"
    memorystream "^0.3.1"
    require-from-string "^1.1.0"
    semver "^5.3.0"
    yargs "^4.7.1"

spdx-correct@^3.0.0:
  version "3.0.0"
  resolved "https://registry.yarnpkg.com/spdx-correct/-/spdx-correct-3.0.0.tgz#05a5b4d7153a195bc92c3c425b69f3b2a9524c82"
  dependencies:
    spdx-expression-parse "^3.0.0"
    spdx-license-ids "^3.0.0"

spdx-exceptions@^2.1.0:
  version "2.1.0"
  resolved "https://registry.yarnpkg.com/spdx-exceptions/-/spdx-exceptions-2.1.0.tgz#2c7ae61056c714a5b9b9b2b2af7d311ef5c78fe9"

spdx-expression-parse@^3.0.0:
  version "3.0.0"
  resolved "https://registry.yarnpkg.com/spdx-expression-parse/-/spdx-expression-parse-3.0.0.tgz#99e119b7a5da00e05491c9fa338b7904823b41d0"
  dependencies:
    spdx-exceptions "^2.1.0"
    spdx-license-ids "^3.0.0"

spdx-license-ids@^3.0.0:
  version "3.0.0"
  resolved "https://registry.yarnpkg.com/spdx-license-ids/-/spdx-license-ids-3.0.0.tgz#7a7cd28470cc6d3a1cfe6d66886f6bc430d3ac87"

sshpk@^1.7.0:
  version "1.13.1"
  resolved "https://registry.yarnpkg.com/sshpk/-/sshpk-1.13.1.tgz#512df6da6287144316dc4c18fe1cf1d940739be3"
  dependencies:
    asn1 "~0.2.3"
    assert-plus "^1.0.0"
    dashdash "^1.12.0"
    getpass "^0.1.1"
  optionalDependencies:
    bcrypt-pbkdf "^1.0.0"
    ecc-jsbn "~0.1.1"
    jsbn "~0.1.0"
    tweetnacl "~0.14.0"

"statuses@>= 1.3.1 < 2":
  version "1.4.0"
  resolved "https://registry.yarnpkg.com/statuses/-/statuses-1.4.0.tgz#bb73d446da2796106efcc1b601a253d6c46bd087"

statuses@~1.3.1:
  version "1.3.1"
  resolved "https://registry.yarnpkg.com/statuses/-/statuses-1.3.1.tgz#faf51b9eb74aaef3b3acf4ad5f61abf24cb7b93e"

string-width@^1.0.1:
  version "1.0.2"
  resolved "https://registry.yarnpkg.com/string-width/-/string-width-1.0.2.tgz#118bdf5b8cdc51a2a7e70d211e07e2b0b9b107d3"
  dependencies:
    code-point-at "^1.0.0"
    is-fullwidth-code-point "^1.0.0"
    strip-ansi "^3.0.0"

stringstream@~0.0.5:
  version "0.0.5"
  resolved "https://registry.yarnpkg.com/stringstream/-/stringstream-0.0.5.tgz#4e484cd4de5a0bbbee18e46307710a8a81621878"

strip-ansi@^3.0.0, strip-ansi@^3.0.1:
  version "3.0.1"
  resolved "https://registry.yarnpkg.com/strip-ansi/-/strip-ansi-3.0.1.tgz#6a385fb8853d952d5ff05d0e8aaf94278dc63dcf"
  dependencies:
    ansi-regex "^2.0.0"

strip-bom@^2.0.0:
  version "2.0.0"
  resolved "https://registry.yarnpkg.com/strip-bom/-/strip-bom-2.0.0.tgz#6219a85616520491f35788bdbf1447a99c7e6b0e"
  dependencies:
    is-utf8 "^0.2.0"

strip-hex-prefix@1.0.0:
  version "1.0.0"
  resolved "https://registry.yarnpkg.com/strip-hex-prefix/-/strip-hex-prefix-1.0.0.tgz#0c5f155fef1151373377de9dbb588da05500e36f"
  dependencies:
    is-hex-prefixed "1.0.0"

supports-color@3.1.2:
  version "3.1.2"
  resolved "https://registry.yarnpkg.com/supports-color/-/supports-color-3.1.2.tgz#72a262894d9d408b956ca05ff37b2ed8a6e2a2d5"
  dependencies:
    has-flag "^1.0.0"

tough-cookie@~2.3.3:
  version "2.3.3"
  resolved "https://registry.yarnpkg.com/tough-cookie/-/tough-cookie-2.3.3.tgz#0b618a5565b6dea90bf3425d04d55edc475a7561"
  dependencies:
    punycode "^1.4.1"

truffle-blockchain-utils@^0.0.3:
  version "0.0.3"
  resolved "https://registry.yarnpkg.com/truffle-blockchain-utils/-/truffle-blockchain-utils-0.0.3.tgz#ae8a111ec124d96504f0e042c6f205c0b3817e29"
  dependencies:
    web3 "^0.20.1"

truffle-contract-schema@^1.0.0:
  version "1.0.1"
  resolved "https://registry.yarnpkg.com/truffle-contract-schema/-/truffle-contract-schema-1.0.1.tgz#08ceaefe71062a8ac9ab881a77a30fda3744176e"
  dependencies:
    ajv "^5.1.1"
    crypto-js "^3.1.9-1"

truffle-contract@^3.0.3:
  version "3.0.3"
  resolved "https://registry.yarnpkg.com/truffle-contract/-/truffle-contract-3.0.3.tgz#b14fb318f9a743db8b061046e24978d91f31dbfb"
  dependencies:
    ethjs-abi "0.1.8"
    truffle-blockchain-utils "^0.0.3"
    truffle-contract-schema "^1.0.0"
    truffle-error "0.0.2"
    web3 "^0.20.1"

truffle-error@0.0.2:
  version "0.0.2"
  resolved "https://registry.yarnpkg.com/truffle-error/-/truffle-error-0.0.2.tgz#01b189b78505566ae1689c239c7ca2dd121cfe4c"

truffle@^4.0.6:
  version "4.1.7"
  resolved "https://registry.yarnpkg.com/truffle/-/truffle-4.1.7.tgz#b2d66d26eafd92da868d67765953e12c8160aedb"
  dependencies:
    mocha "^3.4.2"
    original-require "^1.0.1"
    solc "0.4.23"

tunnel-agent@^0.6.0:
  version "0.6.0"
  resolved "https://registry.yarnpkg.com/tunnel-agent/-/tunnel-agent-0.6.0.tgz#27a5dea06b36b04a0a9966774b290868f0fc40fd"
  dependencies:
    safe-buffer "^5.0.1"

tweetnacl@^0.14.3, tweetnacl@~0.14.0:
  version "0.14.5"
  resolved "https://registry.yarnpkg.com/tweetnacl/-/tweetnacl-0.14.5.tgz#5ae68177f192d4456269d108afa93ff8743f4f64"

twilio@^3.11.3:
  version "3.11.3"
  resolved "https://registry.yarnpkg.com/twilio/-/twilio-3.11.3.tgz#305c98e63d200c21ef24177109ba5c98094b4543"
  dependencies:
    deprecate "1.0.0"
    jsonwebtoken "^8.1.0"
    lodash "4.0.0"
    moment "2.19.3"
    q "2.0.x"
    request "2.83.x"
    rootpath "0.1.2"
    scmp "0.0.3"
    xmlbuilder "9.0.1"

type-is@~1.6.15:
  version "1.6.16"
  resolved "https://registry.yarnpkg.com/type-is/-/type-is-1.6.16.tgz#f89ce341541c672b25ee7ae3c73dee3b2be50194"
  dependencies:
    media-typer "0.3.0"
    mime-types "~2.1.18"

unpipe@1.0.0, unpipe@~1.0.0:
  version "1.0.0"
  resolved "https://registry.yarnpkg.com/unpipe/-/unpipe-1.0.0.tgz#b2bf4ee8514aae6165b4817829d21b2ef49904ec"

utf8@^2.1.1:
  version "2.1.2"
  resolved "https://registry.yarnpkg.com/utf8/-/utf8-2.1.2.tgz#1fa0d9270e9be850d9b05027f63519bf46457d96"

utils-merge@1.0.1:
  version "1.0.1"
  resolved "https://registry.yarnpkg.com/utils-merge/-/utils-merge-1.0.1.tgz#9f95710f50a267947b2ccc124741c1028427e713"

uuid@^3.1.0:
  version "3.2.1"
  resolved "https://registry.yarnpkg.com/uuid/-/uuid-3.2.1.tgz#12c528bb9d58d0b9265d9a2f6f0fe8be17ff1f14"

validate-npm-package-license@^3.0.1:
  version "3.0.3"
  resolved "https://registry.yarnpkg.com/validate-npm-package-license/-/validate-npm-package-license-3.0.3.tgz#81643bcbef1bdfecd4623793dc4648948ba98338"
  dependencies:
    spdx-correct "^3.0.0"
    spdx-expression-parse "^3.0.0"

vary@~1.1.2:
  version "1.1.2"
  resolved "https://registry.yarnpkg.com/vary/-/vary-1.1.2.tgz#2299f02c6ded30d4a5961b0b9f74524a18f634fc"

verror@1.10.0:
  version "1.10.0"
  resolved "https://registry.yarnpkg.com/verror/-/verror-1.10.0.tgz#3a105ca17053af55d6e270c1f8288682e18da400"
  dependencies:
    assert-plus "^1.0.0"
    core-util-is "1.0.2"
    extsprintf "^1.2.0"

weak-map@^1.0.5:
  version "1.0.5"
  resolved "https://registry.yarnpkg.com/weak-map/-/weak-map-1.0.5.tgz#79691584d98607f5070bd3b70a40e6bb22e401eb"

web3@^0.20.1:
  version "0.20.5"
  resolved "https://registry.yarnpkg.com/web3/-/web3-0.20.5.tgz#c5048d35f7bf4e2c4c280ce51fbbbc951290b165"
  dependencies:
    bignumber.js "git+https://github.com/frozeman/bignumber.js-nolookahead.git"
    crypto-js "^3.1.4"
    utf8 "^2.1.1"
    xhr2 "*"
    xmlhttprequest "*"

which-module@^1.0.0:
  version "1.0.0"
  resolved "https://registry.yarnpkg.com/which-module/-/which-module-1.0.0.tgz#bba63ca861948994ff307736089e3b96026c2a4f"

window-size@^0.2.0:
  version "0.2.0"
  resolved "https://registry.yarnpkg.com/window-size/-/window-size-0.2.0.tgz#b4315bb4214a3d7058ebeee892e13fa24d98b075"

wrap-ansi@^2.0.0:
  version "2.1.0"
  resolved "https://registry.yarnpkg.com/wrap-ansi/-/wrap-ansi-2.1.0.tgz#d8fc3d284dd05794fe84973caecdd1cf824fdd85"
  dependencies:
    string-width "^1.0.1"
    strip-ansi "^3.0.1"

wrappy@1:
  version "1.0.2"
  resolved "https://registry.yarnpkg.com/wrappy/-/wrappy-1.0.2.tgz#b5243d8f3ec1aa35f1364605bc0d1036e30ab69f"

xhr2@*:
  version "0.1.4"
  resolved "https://registry.yarnpkg.com/xhr2/-/xhr2-0.1.4.tgz#7f87658847716db5026323812f818cadab387a5f"

xmlbuilder@9.0.1:
  version "9.0.1"
  resolved "https://registry.yarnpkg.com/xmlbuilder/-/xmlbuilder-9.0.1.tgz#91cd70897755363eba57c12ddeeab4a341a61f65"

xmlhttprequest@*:
  version "1.8.0"
  resolved "https://registry.yarnpkg.com/xmlhttprequest/-/xmlhttprequest-1.8.0.tgz#67fe075c5c24fef39f9d65f5f7b7fe75171968fc"

xtend@^4.0.1:
  version "4.0.1"
  resolved "https://registry.yarnpkg.com/xtend/-/xtend-4.0.1.tgz#a5c6d532be656e23db820efb943a1f04998d63af"

y18n@^3.2.1:
  version "3.2.1"
  resolved "https://registry.yarnpkg.com/y18n/-/y18n-3.2.1.tgz#6d15fba884c08679c0d77e88e7759e811e07fa41"

yargs-parser@^2.4.1:
  version "2.4.1"
  resolved "https://registry.yarnpkg.com/yargs-parser/-/yargs-parser-2.4.1.tgz#85568de3cf150ff49fa51825f03a8c880ddcc5c4"
  dependencies:
    camelcase "^3.0.0"
    lodash.assign "^4.0.6"

yargs@^4.7.1:
  version "4.8.1"
  resolved "https://registry.yarnpkg.com/yargs/-/yargs-4.8.1.tgz#c0c42924ca4aaa6b0e6da1739dfb216439f9ddc0"
  dependencies:
    cliui "^3.2.0"
    decamelize "^1.1.1"
    get-caller-file "^1.0.1"
    lodash.assign "^4.0.3"
    os-locale "^1.4.0"
    read-pkg-up "^1.0.1"
    require-directory "^2.1.1"
    require-main-filename "^1.0.1"
    set-blocking "^2.0.0"
    string-width "^1.0.1"
    which-module "^1.0.0"
    window-size "^0.2.0"
    y18n "^3.2.1"
    yargs-parser "^2.4.1"
